// !$*UTF8*$!
{
	archiveVersion = 1;
	classes = {
	};
	objectVersion = 46;
	objects = {

/* Begin PBXBuildFile section */
		2632C71C1E6D56FB001278CA /* AppDelegate.m in Sources */ = {isa = PBXBuildFile; fileRef = 2632C71B1E6D56FB001278CA /* AppDelegate.m */; };
		2632C71F1E6D56FB001278CA /* main.m in Sources */ = {isa = PBXBuildFile; fileRef = 2632C71E1E6D56FB001278CA /* main.m */; };
		2632C7251E6D56FB001278CA /* LYQianNiu.xcdatamodeld in Sources */ = {isa = PBXBuildFile; fileRef = 2632C7231E6D56FB001278CA /* LYQianNiu.xcdatamodeld */; };
		2632C7271E6D56FB001278CA /* Assets.xcassets in Resources */ = {isa = PBXBuildFile; fileRef = 2632C7261E6D56FB001278CA /* Assets.xcassets */; };
		2632C7351E6D56FB001278CA /* LYQianNiuTests.m in Sources */ = {isa = PBXBuildFile; fileRef = 2632C7341E6D56FB001278CA /* LYQianNiuTests.m */; };
		2632C7401E6D56FB001278CA /* LYQianNiuUITests.m in Sources */ = {isa = PBXBuildFile; fileRef = 2632C73F1E6D56FB001278CA /* LYQianNiuUITests.m */; };
		2632C7671E6D5FA2001278CA /* LYLoginViewController.m in Sources */ = {isa = PBXBuildFile; fileRef = 2632C7651E6D5FA2001278CA /* LYLoginViewController.m */; };
		2632C7681E6D5FA2001278CA /* LYLoginViewController.xib in Resources */ = {isa = PBXBuildFile; fileRef = 2632C7661E6D5FA2001278CA /* LYLoginViewController.xib */; };
		2632C7871E6D669C001278CA /* MainMenu.xib in Resources */ = {isa = PBXBuildFile; fileRef = 2632C7861E6D669C001278CA /* MainMenu.xib */; };
		2632C79D1E6D8FC4001278CA /* LYView.m in Sources */ = {isa = PBXBuildFile; fileRef = 2632C79C1E6D8FC4001278CA /* LYView.m */; };
		2632C7BC1E6DA42B001278CA /* LYMainWindowController.m in Sources */ = {isa = PBXBuildFile; fileRef = 2632C7BA1E6DA42B001278CA /* LYMainWindowController.m */; };
		2632C7BD1E6DA42B001278CA /* LYMainWindowController.xib in Resources */ = {isa = PBXBuildFile; fileRef = 2632C7BB1E6DA42B001278CA /* LYMainWindowController.xib */; };
		2632C7C11E6DC58F001278CA /* LYMainViewContainer.m in Sources */ = {isa = PBXBuildFile; fileRef = 2632C7BF1E6DC58F001278CA /* LYMainViewContainer.m */; };
		2632C7C21E6DC58F001278CA /* LYMainViewContainer.xib in Resources */ = {isa = PBXBuildFile; fileRef = 2632C7C01E6DC58F001278CA /* LYMainViewContainer.xib */; };
		2632C7EF1E6EB178001278CA /* LYNavigationViewController.m in Sources */ = {isa = PBXBuildFile; fileRef = 2632C7ED1E6EB178001278CA /* LYNavigationViewController.m */; };
		2632C7F01E6EB178001278CA /* LYNavigationViewController.xib in Resources */ = {isa = PBXBuildFile; fileRef = 2632C7EE1E6EB178001278CA /* LYNavigationViewController.xib */; };
		2698E2911E6FDE6A009CED7B /* LYRightContainerViewController.m in Sources */ = {isa = PBXBuildFile; fileRef = 2698E28F1E6FDE6A009CED7B /* LYRightContainerViewController.m */; };
		2698E2921E6FDE6A009CED7B /* LYRightContainerViewController.xib in Resources */ = {isa = PBXBuildFile; fileRef = 2698E2901E6FDE6A009CED7B /* LYRightContainerViewController.xib */; };
		2698E2981E6FE310009CED7B /* LYLeftViewContainer.m in Sources */ = {isa = PBXBuildFile; fileRef = 2698E2961E6FE310009CED7B /* LYLeftViewContainer.m */; };
		2698E2991E6FE310009CED7B /* LYLeftViewContainer.xib in Resources */ = {isa = PBXBuildFile; fileRef = 2698E2971E6FE310009CED7B /* LYLeftViewContainer.xib */; };
		2698E29E1E6FE353009CED7B /* LYImageTextField.m in Sources */ = {isa = PBXBuildFile; fileRef = 2698E29C1E6FE353009CED7B /* LYImageTextField.m */; };
		2698E29F1E6FE353009CED7B /* LYImageTextField.xib in Resources */ = {isa = PBXBuildFile; fileRef = 2698E29D1E6FE353009CED7B /* LYImageTextField.xib */; };
		2698E2A41E6FE562009CED7B /* LYRightViewContainer.m in Sources */ = {isa = PBXBuildFile; fileRef = 2698E2A21E6FE562009CED7B /* LYRightViewContainer.m */; };
		2698E2A51E6FE562009CED7B /* LYRightViewContainer.xib in Resources */ = {isa = PBXBuildFile; fileRef = 2698E2A31E6FE562009CED7B /* LYRightViewContainer.xib */; };
		2698E2B01E6FF28A009CED7B /* TestCode.m in Sources */ = {isa = PBXBuildFile; fileRef = 2698E2AF1E6FF28A009CED7B /* TestCode.m */; };
		26B43CFE1E7133A6000C339B /* View.xib in Resources */ = {isa = PBXBuildFile; fileRef = 26B43CFD1E7133A6000C339B /* View.xib */; };
		26B56B6C1E7176C90085AAED /* Resource in Resources */ = {isa = PBXBuildFile; fileRef = 26B56B6B1E7176C90085AAED /* Resource */; };
		61914314DA1468E6E44F96D2 /* libPods-LYQianNiu.a in Frameworks */ = {isa = PBXBuildFile; fileRef = B163A9C9BF83B72F50CD322D /* libPods-LYQianNiu.a */; };
		8A902B1B8939B41933E7AEC6 /* libPods-LYQianNiuUITests.a in Frameworks */ = {isa = PBXBuildFile; fileRef = 97572F51A3582D5E2DE52B98 /* libPods-LYQianNiuUITests.a */; };
		91978F3E08593D3EA15E40D4 /* libPods-LYQianNiuTests.a in Frameworks */ = {isa = PBXBuildFile; fileRef = 51C96A5E60217F0880AB18A7 /* libPods-LYQianNiuTests.a */; };
/* End PBXBuildFile section */

/* Begin PBXContainerItemProxy section */
		2632C7311E6D56FB001278CA /* PBXContainerItemProxy */ = {
			isa = PBXContainerItemProxy;
			containerPortal = 2632C70F1E6D56FB001278CA /* Project object */;
			proxyType = 1;
			remoteGlobalIDString = 2632C7161E6D56FB001278CA;
			remoteInfo = LYQianNiu;
		};
		2632C73C1E6D56FB001278CA /* PBXContainerItemProxy */ = {
			isa = PBXContainerItemProxy;
			containerPortal = 2632C70F1E6D56FB001278CA /* Project object */;
			proxyType = 1;
			remoteGlobalIDString = 2632C7161E6D56FB001278CA;
			remoteInfo = LYQianNiu;
		};
/* End PBXContainerItemProxy section */

/* Begin PBXFileReference section */
		106B14345709567ABBEF17DE /* Pods-LYQianNiu.debug.xcconfig */ = {isa = PBXFileReference; includeInIndex = 1; lastKnownFileType = text.xcconfig; name = "Pods-LYQianNiu.debug.xcconfig"; path = "Pods/Target Support Files/Pods-LYQianNiu/Pods-LYQianNiu.debug.xcconfig"; sourceTree = "<group>"; };
		2632C7171E6D56FB001278CA /* LYQianNiu.app */ = {isa = PBXFileReference; explicitFileType = wrapper.application; includeInIndex = 0; path = LYQianNiu.app; sourceTree = BUILT_PRODUCTS_DIR; };
		2632C71A1E6D56FB001278CA /* AppDelegate.h */ = {isa = PBXFileReference; lastKnownFileType = sourcecode.c.h; path = AppDelegate.h; sourceTree = "<group>"; };
		2632C71B1E6D56FB001278CA /* AppDelegate.m */ = {isa = PBXFileReference; lastKnownFileType = sourcecode.c.objc; path = AppDelegate.m; sourceTree = "<group>"; };
		2632C71E1E6D56FB001278CA /* main.m */ = {isa = PBXFileReference; lastKnownFileType = sourcecode.c.objc; path = main.m; sourceTree = "<group>"; };
		2632C7241E6D56FB001278CA /* LYQianNiu.xcdatamodel */ = {isa = PBXFileReference; lastKnownFileType = wrapper.xcdatamodel; path = LYQianNiu.xcdatamodel; sourceTree = "<group>"; };
		2632C7261E6D56FB001278CA /* Assets.xcassets */ = {isa = PBXFileReference; lastKnownFileType = folder.assetcatalog; path = Assets.xcassets; sourceTree = "<group>"; };
		2632C72B1E6D56FB001278CA /* Info.plist */ = {isa = PBXFileReference; lastKnownFileType = text.plist.xml; path = Info.plist; sourceTree = "<group>"; };
		2632C7301E6D56FB001278CA /* LYQianNiuTests.xctest */ = {isa = PBXFileReference; explicitFileType = wrapper.cfbundle; includeInIndex = 0; path = LYQianNiuTests.xctest; sourceTree = BUILT_PRODUCTS_DIR; };
		2632C7341E6D56FB001278CA /* LYQianNiuTests.m */ = {isa = PBXFileReference; lastKnownFileType = sourcecode.c.objc; path = LYQianNiuTests.m; sourceTree = "<group>"; };
		2632C7361E6D56FB001278CA /* Info.plist */ = {isa = PBXFileReference; lastKnownFileType = text.plist.xml; path = Info.plist; sourceTree = "<group>"; };
		2632C73B1E6D56FB001278CA /* LYQianNiuUITests.xctest */ = {isa = PBXFileReference; explicitFileType = wrapper.cfbundle; includeInIndex = 0; path = LYQianNiuUITests.xctest; sourceTree = BUILT_PRODUCTS_DIR; };
		2632C73F1E6D56FB001278CA /* LYQianNiuUITests.m */ = {isa = PBXFileReference; lastKnownFileType = sourcecode.c.objc; path = LYQianNiuUITests.m; sourceTree = "<group>"; };
		2632C7411E6D56FB001278CA /* Info.plist */ = {isa = PBXFileReference; lastKnownFileType = text.plist.xml; path = Info.plist; sourceTree = "<group>"; };
		2632C7641E6D5FA2001278CA /* LYLoginViewController.h */ = {isa = PBXFileReference; fileEncoding = 4; lastKnownFileType = sourcecode.c.h; path = LYLoginViewController.h; sourceTree = "<group>"; };
		2632C7651E6D5FA2001278CA /* LYLoginViewController.m */ = {isa = PBXFileReference; fileEncoding = 4; lastKnownFileType = sourcecode.c.objc; path = LYLoginViewController.m; sourceTree = "<group>"; };
		2632C7661E6D5FA2001278CA /* LYLoginViewController.xib */ = {isa = PBXFileReference; fileEncoding = 4; lastKnownFileType = file.xib; path = LYLoginViewController.xib; sourceTree = "<group>"; };
		2632C7861E6D669C001278CA /* MainMenu.xib */ = {isa = PBXFileReference; fileEncoding = 4; lastKnownFileType = file.xib; path = MainMenu.xib; sourceTree = "<group>"; };
		2632C79B1E6D8FC4001278CA /* LYView.h */ = {isa = PBXFileReference; fileEncoding = 4; lastKnownFileType = sourcecode.c.h; path = LYView.h; sourceTree = "<group>"; };
		2632C79C1E6D8FC4001278CA /* LYView.m */ = {isa = PBXFileReference; fileEncoding = 4; lastKnownFileType = sourcecode.c.objc; path = LYView.m; sourceTree = "<group>"; };
		2632C7B91E6DA42B001278CA /* LYMainWindowController.h */ = {isa = PBXFileReference; fileEncoding = 4; lastKnownFileType = sourcecode.c.h; path = LYMainWindowController.h; sourceTree = "<group>"; };
		2632C7BA1E6DA42B001278CA /* LYMainWindowController.m */ = {isa = PBXFileReference; fileEncoding = 4; lastKnownFileType = sourcecode.c.objc; path = LYMainWindowController.m; sourceTree = "<group>"; };
		2632C7BB1E6DA42B001278CA /* LYMainWindowController.xib */ = {isa = PBXFileReference; fileEncoding = 4; lastKnownFileType = file.xib; path = LYMainWindowController.xib; sourceTree = "<group>"; };
		2632C7BE1E6DC58F001278CA /* LYMainViewContainer.h */ = {isa = PBXFileReference; fileEncoding = 4; lastKnownFileType = sourcecode.c.h; path = LYMainViewContainer.h; sourceTree = "<group>"; };
		2632C7BF1E6DC58F001278CA /* LYMainViewContainer.m */ = {isa = PBXFileReference; fileEncoding = 4; lastKnownFileType = sourcecode.c.objc; path = LYMainViewContainer.m; sourceTree = "<group>"; };
		2632C7C01E6DC58F001278CA /* LYMainViewContainer.xib */ = {isa = PBXFileReference; fileEncoding = 4; lastKnownFileType = file.xib; path = LYMainViewContainer.xib; sourceTree = "<group>"; };
		2632C7EC1E6EB178001278CA /* LYNavigationViewController.h */ = {isa = PBXFileReference; fileEncoding = 4; lastKnownFileType = sourcecode.c.h; path = LYNavigationViewController.h; sourceTree = "<group>"; };
		2632C7ED1E6EB178001278CA /* LYNavigationViewController.m */ = {isa = PBXFileReference; fileEncoding = 4; lastKnownFileType = sourcecode.c.objc; path = LYNavigationViewController.m; sourceTree = "<group>"; };
		2632C7EE1E6EB178001278CA /* LYNavigationViewController.xib */ = {isa = PBXFileReference; fileEncoding = 4; lastKnownFileType = file.xib; path = LYNavigationViewController.xib; sourceTree = "<group>"; };
		2698E28E1E6FDE6A009CED7B /* LYRightContainerViewController.h */ = {isa = PBXFileReference; fileEncoding = 4; lastKnownFileType = sourcecode.c.h; path = LYRightContainerViewController.h; sourceTree = "<group>"; };
		2698E28F1E6FDE6A009CED7B /* LYRightContainerViewController.m */ = {isa = PBXFileReference; fileEncoding = 4; lastKnownFileType = sourcecode.c.objc; path = LYRightContainerViewController.m; sourceTree = "<group>"; };
		2698E2901E6FDE6A009CED7B /* LYRightContainerViewController.xib */ = {isa = PBXFileReference; fileEncoding = 4; lastKnownFileType = file.xib; path = LYRightContainerViewController.xib; sourceTree = "<group>"; };
		2698E2951E6FE310009CED7B /* LYLeftViewContainer.h */ = {isa = PBXFileReference; fileEncoding = 4; lastKnownFileType = sourcecode.c.h; path = LYLeftViewContainer.h; sourceTree = "<group>"; };
		2698E2961E6FE310009CED7B /* LYLeftViewContainer.m */ = {isa = PBXFileReference; fileEncoding = 4; lastKnownFileType = sourcecode.c.objc; path = LYLeftViewContainer.m; sourceTree = "<group>"; };
		2698E2971E6FE310009CED7B /* LYLeftViewContainer.xib */ = {isa = PBXFileReference; fileEncoding = 4; lastKnownFileType = file.xib; path = LYLeftViewContainer.xib; sourceTree = "<group>"; };
		2698E29B1E6FE353009CED7B /* LYImageTextField.h */ = {isa = PBXFileReference; fileEncoding = 4; lastKnownFileType = sourcecode.c.h; path = LYImageTextField.h; sourceTree = "<group>"; };
		2698E29C1E6FE353009CED7B /* LYImageTextField.m */ = {isa = PBXFileReference; fileEncoding = 4; lastKnownFileType = sourcecode.c.objc; path = LYImageTextField.m; sourceTree = "<group>"; };
		2698E29D1E6FE353009CED7B /* LYImageTextField.xib */ = {isa = PBXFileReference; fileEncoding = 4; lastKnownFileType = file.xib; path = LYImageTextField.xib; sourceTree = "<group>"; };
		2698E2A11E6FE562009CED7B /* LYRightViewContainer.h */ = {isa = PBXFileReference; fileEncoding = 4; lastKnownFileType = sourcecode.c.h; path = LYRightViewContainer.h; sourceTree = "<group>"; };
		2698E2A21E6FE562009CED7B /* LYRightViewContainer.m */ = {isa = PBXFileReference; fileEncoding = 4; lastKnownFileType = sourcecode.c.objc; path = LYRightViewContainer.m; sourceTree = "<group>"; };
		2698E2A31E6FE562009CED7B /* LYRightViewContainer.xib */ = {isa = PBXFileReference; fileEncoding = 4; lastKnownFileType = file.xib; path = LYRightViewContainer.xib; sourceTree = "<group>"; };
		2698E2AE1E6FF28A009CED7B /* TestCode.h */ = {isa = PBXFileReference; fileEncoding = 4; lastKnownFileType = sourcecode.c.h; path = TestCode.h; sourceTree = "<group>"; };
		2698E2AF1E6FF28A009CED7B /* TestCode.m */ = {isa = PBXFileReference; fileEncoding = 4; lastKnownFileType = sourcecode.c.objc; path = TestCode.m; sourceTree = "<group>"; };
		2698E2B11E6FF36E009CED7B /* PrefixHeader.pch */ = {isa = PBXFileReference; lastKnownFileType = sourcecode.c.h; path = PrefixHeader.pch; sourceTree = "<group>"; };
		26B43CFD1E7133A6000C339B /* View.xib */ = {isa = PBXFileReference; fileEncoding = 4; lastKnownFileType = file.xib; path = View.xib; sourceTree = "<group>"; };
		26B56B6B1E7176C90085AAED /* Resource */ = {isa = PBXFileReference; lastKnownFileType = folder; path = Resource; sourceTree = "<group>"; };
		4EAB8BD670FE255F58F116AD /* Pods-LYQianNiuTests.release.xcconfig */ = {isa = PBXFileReference; includeInIndex = 1; lastKnownFileType = text.xcconfig; name = "Pods-LYQianNiuTests.release.xcconfig"; path = "Pods/Target Support Files/Pods-LYQianNiuTests/Pods-LYQianNiuTests.release.xcconfig"; sourceTree = "<group>"; };
		51C96A5E60217F0880AB18A7 /* libPods-LYQianNiuTests.a */ = {isa = PBXFileReference; explicitFileType = archive.ar; includeInIndex = 0; path = "libPods-LYQianNiuTests.a"; sourceTree = BUILT_PRODUCTS_DIR; };
		96A4DB0EC98CC77D9833FC62 /* Pods-LYQianNiu.release.xcconfig */ = {isa = PBXFileReference; includeInIndex = 1; lastKnownFileType = text.xcconfig; name = "Pods-LYQianNiu.release.xcconfig"; path = "Pods/Target Support Files/Pods-LYQianNiu/Pods-LYQianNiu.release.xcconfig"; sourceTree = "<group>"; };
		97572F51A3582D5E2DE52B98 /* libPods-LYQianNiuUITests.a */ = {isa = PBXFileReference; explicitFileType = archive.ar; includeInIndex = 0; path = "libPods-LYQianNiuUITests.a"; sourceTree = BUILT_PRODUCTS_DIR; };
		B163A9C9BF83B72F50CD322D /* libPods-LYQianNiu.a */ = {isa = PBXFileReference; explicitFileType = archive.ar; includeInIndex = 0; path = "libPods-LYQianNiu.a"; sourceTree = BUILT_PRODUCTS_DIR; };
		B41429DCAF71F0C9E2C60099 /* Pods-LYQianNiuTests.debug.xcconfig */ = {isa = PBXFileReference; includeInIndex = 1; lastKnownFileType = text.xcconfig; name = "Pods-LYQianNiuTests.debug.xcconfig"; path = "Pods/Target Support Files/Pods-LYQianNiuTests/Pods-LYQianNiuTests.debug.xcconfig"; sourceTree = "<group>"; };
		EE302B6F3DB377B1BF8102C9 /* Pods-LYQianNiuUITests.release.xcconfig */ = {isa = PBXFileReference; includeInIndex = 1; lastKnownFileType = text.xcconfig; name = "Pods-LYQianNiuUITests.release.xcconfig"; path = "Pods/Target Support Files/Pods-LYQianNiuUITests/Pods-LYQianNiuUITests.release.xcconfig"; sourceTree = "<group>"; };
		F6816226917AA20BB7D4BE5C /* Pods-LYQianNiuUITests.debug.xcconfig */ = {isa = PBXFileReference; includeInIndex = 1; lastKnownFileType = text.xcconfig; name = "Pods-LYQianNiuUITests.debug.xcconfig"; path = "Pods/Target Support Files/Pods-LYQianNiuUITests/Pods-LYQianNiuUITests.debug.xcconfig"; sourceTree = "<group>"; };
/* End PBXFileReference section */

/* Begin PBXFrameworksBuildPhase section */
		2632C7141E6D56FB001278CA /* Frameworks */ = {
			isa = PBXFrameworksBuildPhase;
			buildActionMask = 2147483647;
			files = (
				61914314DA1468E6E44F96D2 /* libPods-LYQianNiu.a in Frameworks */,
			);
			runOnlyForDeploymentPostprocessing = 0;
		};
		2632C72D1E6D56FB001278CA /* Frameworks */ = {
			isa = PBXFrameworksBuildPhase;
			buildActionMask = 2147483647;
			files = (
				91978F3E08593D3EA15E40D4 /* libPods-LYQianNiuTests.a in Frameworks */,
			);
			runOnlyForDeploymentPostprocessing = 0;
		};
		2632C7381E6D56FB001278CA /* Frameworks */ = {
			isa = PBXFrameworksBuildPhase;
			buildActionMask = 2147483647;
			files = (
				8A902B1B8939B41933E7AEC6 /* libPods-LYQianNiuUITests.a in Frameworks */,
			);
			runOnlyForDeploymentPostprocessing = 0;
		};
/* End PBXFrameworksBuildPhase section */

/* Begin PBXGroup section */
		2632C70E1E6D56FB001278CA = {
			isa = PBXGroup;
			children = (
				2632C7191E6D56FB001278CA /* LYQianNiu */,
				2632C7331E6D56FB001278CA /* LYQianNiuTests */,
				2632C73E1E6D56FB001278CA /* LYQianNiuUITests */,
				2632C7181E6D56FB001278CA /* Products */,
				DC7BCDCE67FB5CB38773B232 /* Pods */,
				3E70971CEA7D4D9D233D173E /* Frameworks */,
			);
			sourceTree = "<group>";
		};
		2632C7181E6D56FB001278CA /* Products */ = {
			isa = PBXGroup;
			children = (
				2632C7171E6D56FB001278CA /* LYQianNiu.app */,
				2632C7301E6D56FB001278CA /* LYQianNiuTests.xctest */,
				2632C73B1E6D56FB001278CA /* LYQianNiuUITests.xctest */,
			);
			name = Products;
			sourceTree = "<group>";
		};
		2632C7191E6D56FB001278CA /* LYQianNiu */ = {
			isa = PBXGroup;
			children = (
				2632C7B81E6DA414001278CA /* 主界面 */,
				2698E2B41E702F4F009CED7B /* 控件  */,
				2632C79A1E6D8FB0001278CA /* 子类 */,
				2632C7521E6D5892001278CA /* 登录窗口 */,
				2632C7501E6D584D001278CA /* Other */,
				2632C71D1E6D56FB001278CA /* Supporting Files */,
			);
			path = LYQianNiu;
			sourceTree = "<group>";
		};
		2632C71D1E6D56FB001278CA /* Supporting Files */ = {
			isa = PBXGroup;
			children = (
				2632C7231E6D56FB001278CA /* LYQianNiu.xcdatamodeld */,
				2632C7861E6D669C001278CA /* MainMenu.xib */,
				2632C72B1E6D56FB001278CA /* Info.plist */,
				2632C71E1E6D56FB001278CA /* main.m */,
				26B56B6B1E7176C90085AAED /* Resource */,
			);
			name = "Supporting Files";
			sourceTree = "<group>";
		};
		2632C7331E6D56FB001278CA /* LYQianNiuTests */ = {
			isa = PBXGroup;
			children = (
				2632C7341E6D56FB001278CA /* LYQianNiuTests.m */,
				2632C7361E6D56FB001278CA /* Info.plist */,
			);
			path = LYQianNiuTests;
			sourceTree = "<group>";
		};
		2632C73E1E6D56FB001278CA /* LYQianNiuUITests */ = {
			isa = PBXGroup;
			children = (
				2632C73F1E6D56FB001278CA /* LYQianNiuUITests.m */,
				2632C7411E6D56FB001278CA /* Info.plist */,
			);
			path = LYQianNiuUITests;
			sourceTree = "<group>";
		};
		2632C7501E6D584D001278CA /* Other */ = {
			isa = PBXGroup;
			children = (
				2632C7261E6D56FB001278CA /* Assets.xcassets */,
				2698E2AE1E6FF28A009CED7B /* TestCode.h */,
				2698E2AF1E6FF28A009CED7B /* TestCode.m */,
				2698E2B11E6FF36E009CED7B /* PrefixHeader.pch */,
				2632C71A1E6D56FB001278CA /* AppDelegate.h */,
				2632C71B1E6D56FB001278CA /* AppDelegate.m */,
			);
			name = Other;
			sourceTree = "<group>";
		};
		2632C7521E6D5892001278CA /* 登录窗口 */ = {
			isa = PBXGroup;
			children = (
				2632C75E1E6D5F4D001278CA /* ViewController */,
			);
			name = "登录窗口";
			sourceTree = "<group>";
		};
		2632C75E1E6D5F4D001278CA /* ViewController */ = {
			isa = PBXGroup;
			children = (
				2632C7641E6D5FA2001278CA /* LYLoginViewController.h */,
				2632C7651E6D5FA2001278CA /* LYLoginViewController.m */,
				2632C7661E6D5FA2001278CA /* LYLoginViewController.xib */,
			);
			name = ViewController;
			sourceTree = "<group>";
		};
		2632C79A1E6D8FB0001278CA /* 子类 */ = {
			isa = PBXGroup;
			children = (
				2632C79B1E6D8FC4001278CA /* LYView.h */,
				2632C79C1E6D8FC4001278CA /* LYView.m */,
			);
			name = "子类";
			sourceTree = "<group>";
		};
		2632C7B81E6DA414001278CA /* 主界面 */ = {
			isa = PBXGroup;
			children = (
				2698E28D1E6FDE3B009CED7B /* 右侧大容器 */,
				2632C7EB1E6EB128001278CA /* 左侧导航条 */,
				2698E2A61E6FE8A2009CED7B /* 主界面容器 */,
				2698E2A71E6FE8B9009CED7B /* 主窗口 */,
			);
			name = "主界面";
			sourceTree = "<group>";
		};
		2632C7EB1E6EB128001278CA /* 左侧导航条 */ = {
			isa = PBXGroup;
			children = (
				2632C7EC1E6EB178001278CA /* LYNavigationViewController.h */,
				2632C7ED1E6EB178001278CA /* LYNavigationViewController.m */,
				2632C7EE1E6EB178001278CA /* LYNavigationViewController.xib */,
			);
			name = "左侧导航条";
			sourceTree = "<group>";
		};
		2698E28D1E6FDE3B009CED7B /* 右侧大容器 */ = {
			isa = PBXGroup;
			children = (
				2698E2941E6FE2A0009CED7B /* 左侧会话列表容器 */,
				2698E2A01E6FE542009CED7B /* 右侧聊天列表容器 */,
				2698E28E1E6FDE6A009CED7B /* LYRightContainerViewController.h */,
				2698E28F1E6FDE6A009CED7B /* LYRightContainerViewController.m */,
				2698E2901E6FDE6A009CED7B /* LYRightContainerViewController.xib */,
			);
			name = "右侧大容器";
			sourceTree = "<group>";
		};
		2698E2941E6FE2A0009CED7B /* 左侧会话列表容器 */ = {
			isa = PBXGroup;
			children = (
				2698E2951E6FE310009CED7B /* LYLeftViewContainer.h */,
				2698E2961E6FE310009CED7B /* LYLeftViewContainer.m */,
				2698E2971E6FE310009CED7B /* LYLeftViewContainer.xib */,
			);
			name = "左侧会话列表容器";
			sourceTree = "<group>";
		};
		2698E29A1E6FE336009CED7B /* 搜索框 */ = {
			isa = PBXGroup;
			children = (
				2698E29B1E6FE353009CED7B /* LYImageTextField.h */,
				2698E29C1E6FE353009CED7B /* LYImageTextField.m */,
				2698E29D1E6FE353009CED7B /* LYImageTextField.xib */,
				26B43CFD1E7133A6000C339B /* View.xib */,
			);
			name = "搜索框";
			sourceTree = "<group>";
		};
		2698E2A01E6FE542009CED7B /* 右侧聊天列表容器 */ = {
			isa = PBXGroup;
			children = (
				2698E2A11E6FE562009CED7B /* LYRightViewContainer.h */,
				2698E2A21E6FE562009CED7B /* LYRightViewContainer.m */,
				2698E2A31E6FE562009CED7B /* LYRightViewContainer.xib */,
			);
			name = "右侧聊天列表容器";
			sourceTree = "<group>";
		};
		2698E2A61E6FE8A2009CED7B /* 主界面容器 */ = {
			isa = PBXGroup;
			children = (
				2632C7BE1E6DC58F001278CA /* LYMainViewContainer.h */,
				2632C7BF1E6DC58F001278CA /* LYMainViewContainer.m */,
				2632C7C01E6DC58F001278CA /* LYMainViewContainer.xib */,
			);
			name = "主界面容器";
			sourceTree = "<group>";
		};
		2698E2A71E6FE8B9009CED7B /* 主窗口 */ = {
			isa = PBXGroup;
			children = (
				2632C7B91E6DA42B001278CA /* LYMainWindowController.h */,
				2632C7BA1E6DA42B001278CA /* LYMainWindowController.m */,
				2632C7BB1E6DA42B001278CA /* LYMainWindowController.xib */,
			);
			name = "主窗口";
			sourceTree = "<group>";
		};
		2698E2B41E702F4F009CED7B /* 控件  */ = {
			isa = PBXGroup;
			children = (
				2698E29A1E6FE336009CED7B /* 搜索框 */,
			);
			name = "控件 ";
			sourceTree = "<group>";
		};
		3E70971CEA7D4D9D233D173E /* Frameworks */ = {
			isa = PBXGroup;
			children = (
				B163A9C9BF83B72F50CD322D /* libPods-LYQianNiu.a */,
				51C96A5E60217F0880AB18A7 /* libPods-LYQianNiuTests.a */,
				97572F51A3582D5E2DE52B98 /* libPods-LYQianNiuUITests.a */,
			);
			name = Frameworks;
			sourceTree = "<group>";
		};
		DC7BCDCE67FB5CB38773B232 /* Pods */ = {
			isa = PBXGroup;
			children = (
				106B14345709567ABBEF17DE /* Pods-LYQianNiu.debug.xcconfig */,
				96A4DB0EC98CC77D9833FC62 /* Pods-LYQianNiu.release.xcconfig */,
				B41429DCAF71F0C9E2C60099 /* Pods-LYQianNiuTests.debug.xcconfig */,
				4EAB8BD670FE255F58F116AD /* Pods-LYQianNiuTests.release.xcconfig */,
				F6816226917AA20BB7D4BE5C /* Pods-LYQianNiuUITests.debug.xcconfig */,
				EE302B6F3DB377B1BF8102C9 /* Pods-LYQianNiuUITests.release.xcconfig */,
			);
			name = Pods;
			sourceTree = "<group>";
		};
/* End PBXGroup section */

/* Begin PBXNativeTarget section */
		2632C7161E6D56FB001278CA /* LYQianNiu */ = {
			isa = PBXNativeTarget;
			buildConfigurationList = 2632C7441E6D56FB001278CA /* Build configuration list for PBXNativeTarget "LYQianNiu" */;
			buildPhases = (
				B174EEDB77F4C4485A176269 /* [CP] Check Pods Manifest.lock */,
				2632C7131E6D56FB001278CA /* Sources */,
				2632C7141E6D56FB001278CA /* Frameworks */,
				2632C7151E6D56FB001278CA /* Resources */,
				1A063CC67E96928460EF5CDC /* [CP] Embed Pods Frameworks */,
				4309586E82F730B245C3BEF8 /* [CP] Copy Pods Resources */,
			);
			buildRules = (
			);
			dependencies = (
			);
			name = LYQianNiu;
			productName = LYQianNiu;
			productReference = 2632C7171E6D56FB001278CA /* LYQianNiu.app */;
			productType = "com.apple.product-type.application";
		};
		2632C72F1E6D56FB001278CA /* LYQianNiuTests */ = {
			isa = PBXNativeTarget;
			buildConfigurationList = 2632C7471E6D56FB001278CA /* Build configuration list for PBXNativeTarget "LYQianNiuTests" */;
			buildPhases = (
				C78F1D960247D6279C8D9755 /* [CP] Check Pods Manifest.lock */,
				2632C72C1E6D56FB001278CA /* Sources */,
				2632C72D1E6D56FB001278CA /* Frameworks */,
				2632C72E1E6D56FB001278CA /* Resources */,
				F173728967BF487EA790B0D9 /* [CP] Embed Pods Frameworks */,
				65F03E378F93F282720803CF /* [CP] Copy Pods Resources */,
			);
			buildRules = (
			);
			dependencies = (
				2632C7321E6D56FB001278CA /* PBXTargetDependency */,
			);
			name = LYQianNiuTests;
			productName = LYQianNiuTests;
			productReference = 2632C7301E6D56FB001278CA /* LYQianNiuTests.xctest */;
			productType = "com.apple.product-type.bundle.unit-test";
		};
		2632C73A1E6D56FB001278CA /* LYQianNiuUITests */ = {
			isa = PBXNativeTarget;
			buildConfigurationList = 2632C74A1E6D56FB001278CA /* Build configuration list for PBXNativeTarget "LYQianNiuUITests" */;
			buildPhases = (
				8BAB7B89AEDAE1FC840929F2 /* [CP] Check Pods Manifest.lock */,
				2632C7371E6D56FB001278CA /* Sources */,
				2632C7381E6D56FB001278CA /* Frameworks */,
				2632C7391E6D56FB001278CA /* Resources */,
				AB91629C57C342A47BDFE276 /* [CP] Embed Pods Frameworks */,
				EA1C01AB257B58C4DEA28F34 /* [CP] Copy Pods Resources */,
			);
			buildRules = (
			);
			dependencies = (
				2632C73D1E6D56FB001278CA /* PBXTargetDependency */,
			);
			name = LYQianNiuUITests;
			productName = LYQianNiuUITests;
			productReference = 2632C73B1E6D56FB001278CA /* LYQianNiuUITests.xctest */;
			productType = "com.apple.product-type.bundle.ui-testing";
		};
/* End PBXNativeTarget section */

/* Begin PBXProject section */
		2632C70F1E6D56FB001278CA /* Project object */ = {
			isa = PBXProject;
			attributes = {
				LastUpgradeCheck = 0820;
				ORGANIZATIONNAME = Leon;
				TargetAttributes = {
					2632C7161E6D56FB001278CA = {
						CreatedOnToolsVersion = 8.2.1;
						DevelopmentTeam = H2H4C4T387;
						ProvisioningStyle = Automatic;
					};
					2632C72F1E6D56FB001278CA = {
						CreatedOnToolsVersion = 8.2.1;
						DevelopmentTeam = H2H4C4T387;
						ProvisioningStyle = Automatic;
						TestTargetID = 2632C7161E6D56FB001278CA;
					};
					2632C73A1E6D56FB001278CA = {
						CreatedOnToolsVersion = 8.2.1;
						DevelopmentTeam = H2H4C4T387;
						ProvisioningStyle = Automatic;
						TestTargetID = 2632C7161E6D56FB001278CA;
					};
				};
			};
			buildConfigurationList = 2632C7121E6D56FB001278CA /* Build configuration list for PBXProject "LYQianNiu" */;
			compatibilityVersion = "Xcode 3.2";
			developmentRegion = English;
			hasScannedForEncodings = 0;
			knownRegions = (
				en,
				Base,
			);
			mainGroup = 2632C70E1E6D56FB001278CA;
			productRefGroup = 2632C7181E6D56FB001278CA /* Products */;
			projectDirPath = "";
			projectRoot = "";
			targets = (
				2632C7161E6D56FB001278CA /* LYQianNiu */,
				2632C72F1E6D56FB001278CA /* LYQianNiuTests */,
				2632C73A1E6D56FB001278CA /* LYQianNiuUITests */,
			);
		};
/* End PBXProject section */

/* Begin PBXResourcesBuildPhase section */
		2632C7151E6D56FB001278CA /* Resources */ = {
			isa = PBXResourcesBuildPhase;
			buildActionMask = 2147483647;
			files = (
				2698E29F1E6FE353009CED7B /* LYImageTextField.xib in Resources */,
				2698E2A51E6FE562009CED7B /* LYRightViewContainer.xib in Resources */,
				2632C7BD1E6DA42B001278CA /* LYMainWindowController.xib in Resources */,
				2698E2991E6FE310009CED7B /* LYLeftViewContainer.xib in Resources */,
				2632C7271E6D56FB001278CA /* Assets.xcassets in Resources */,
				2632C7871E6D669C001278CA /* MainMenu.xib in Resources */,
				2632C7F01E6EB178001278CA /* LYNavigationViewController.xib in Resources */,
				2698E2921E6FDE6A009CED7B /* LYRightContainerViewController.xib in Resources */,
				26B43CFE1E7133A6000C339B /* View.xib in Resources */,
				2632C7C21E6DC58F001278CA /* LYMainViewContainer.xib in Resources */,
				2632C7681E6D5FA2001278CA /* LYLoginViewController.xib in Resources */,
				26B56B6C1E7176C90085AAED /* Resource in Resources */,
			);
			runOnlyForDeploymentPostprocessing = 0;
		};
		2632C72E1E6D56FB001278CA /* Resources */ = {
			isa = PBXResourcesBuildPhase;
			buildActionMask = 2147483647;
			files = (
			);
			runOnlyForDeploymentPostprocessing = 0;
		};
		2632C7391E6D56FB001278CA /* Resources */ = {
			isa = PBXResourcesBuildPhase;
			buildActionMask = 2147483647;
			files = (
			);
			runOnlyForDeploymentPostprocessing = 0;
		};
/* End PBXResourcesBuildPhase section */

/* Begin PBXShellScriptBuildPhase section */
		1A063CC67E96928460EF5CDC /* [CP] Embed Pods Frameworks */ = {
			isa = PBXShellScriptBuildPhase;
			buildActionMask = 2147483647;
			files = (
			);
			inputPaths = (
			);
			name = "[CP] Embed Pods Frameworks";
			outputPaths = (
			);
			runOnlyForDeploymentPostprocessing = 0;
			shellPath = /bin/sh;
			shellScript = "\"${SRCROOT}/Pods/Target Support Files/Pods-LYQianNiu/Pods-LYQianNiu-frameworks.sh\"\n";
			showEnvVarsInLog = 0;
		};
		4309586E82F730B245C3BEF8 /* [CP] Copy Pods Resources */ = {
			isa = PBXShellScriptBuildPhase;
			buildActionMask = 2147483647;
			files = (
			);
			inputPaths = (
			);
			name = "[CP] Copy Pods Resources";
			outputPaths = (
			);
			runOnlyForDeploymentPostprocessing = 0;
			shellPath = /bin/sh;
			shellScript = "\"${SRCROOT}/Pods/Target Support Files/Pods-LYQianNiu/Pods-LYQianNiu-resources.sh\"\n";
			showEnvVarsInLog = 0;
		};
		65F03E378F93F282720803CF /* [CP] Copy Pods Resources */ = {
			isa = PBXShellScriptBuildPhase;
			buildActionMask = 2147483647;
			files = (
			);
			inputPaths = (
			);
			name = "[CP] Copy Pods Resources";
			outputPaths = (
			);
			runOnlyForDeploymentPostprocessing = 0;
			shellPath = /bin/sh;
			shellScript = "\"${SRCROOT}/Pods/Target Support Files/Pods-LYQianNiuTests/Pods-LYQianNiuTests-resources.sh\"\n";
			showEnvVarsInLog = 0;
		};
		8BAB7B89AEDAE1FC840929F2 /* [CP] Check Pods Manifest.lock */ = {
			isa = PBXShellScriptBuildPhase;
			buildActionMask = 2147483647;
			files = (
			);
			inputPaths = (
			);
			name = "[CP] Check Pods Manifest.lock";
			outputPaths = (
			);
			runOnlyForDeploymentPostprocessing = 0;
			shellPath = /bin/sh;
			shellScript = "diff \"${PODS_PODFILE_DIR_PATH}/Podfile.lock\" \"${PODS_ROOT}/Manifest.lock\" > /dev/null\nif [ $? != 0 ] ; then\n    # print error to STDERR\n    echo \"error: The sandbox is not in sync with the Podfile.lock. Run 'pod install' or update your CocoaPods installation.\" >&2\n    exit 1\nfi\n";
			showEnvVarsInLog = 0;
		};
		AB91629C57C342A47BDFE276 /* [CP] Embed Pods Frameworks */ = {
			isa = PBXShellScriptBuildPhase;
			buildActionMask = 2147483647;
			files = (
			);
			inputPaths = (
			);
			name = "[CP] Embed Pods Frameworks";
			outputPaths = (
			);
			runOnlyForDeploymentPostprocessing = 0;
			shellPath = /bin/sh;
			shellScript = "\"${SRCROOT}/Pods/Target Support Files/Pods-LYQianNiuUITests/Pods-LYQianNiuUITests-frameworks.sh\"\n";
			showEnvVarsInLog = 0;
		};
		B174EEDB77F4C4485A176269 /* [CP] Check Pods Manifest.lock */ = {
			isa = PBXShellScriptBuildPhase;
			buildActionMask = 2147483647;
			files = (
			);
			inputPaths = (
			);
			name = "[CP] Check Pods Manifest.lock";
			outputPaths = (
			);
			runOnlyForDeploymentPostprocessing = 0;
			shellPath = /bin/sh;
			shellScript = "diff \"${PODS_PODFILE_DIR_PATH}/Podfile.lock\" \"${PODS_ROOT}/Manifest.lock\" > /dev/null\nif [ $? != 0 ] ; then\n    # print error to STDERR\n    echo \"error: The sandbox is not in sync with the Podfile.lock. Run 'pod install' or update your CocoaPods installation.\" >&2\n    exit 1\nfi\n";
			showEnvVarsInLog = 0;
		};
		C78F1D960247D6279C8D9755 /* [CP] Check Pods Manifest.lock */ = {
			isa = PBXShellScriptBuildPhase;
			buildActionMask = 2147483647;
			files = (
			);
			inputPaths = (
			);
			name = "[CP] Check Pods Manifest.lock";
			outputPaths = (
			);
			runOnlyForDeploymentPostprocessing = 0;
			shellPath = /bin/sh;
			shellScript = "diff \"${PODS_PODFILE_DIR_PATH}/Podfile.lock\" \"${PODS_ROOT}/Manifest.lock\" > /dev/null\nif [ $? != 0 ] ; then\n    # print error to STDERR\n    echo \"error: The sandbox is not in sync with the Podfile.lock. Run 'pod install' or update your CocoaPods installation.\" >&2\n    exit 1\nfi\n";
			showEnvVarsInLog = 0;
		};
		EA1C01AB257B58C4DEA28F34 /* [CP] Copy Pods Resources */ = {
			isa = PBXShellScriptBuildPhase;
			buildActionMask = 2147483647;
			files = (
			);
			inputPaths = (
			);
			name = "[CP] Copy Pods Resources";
			outputPaths = (
			);
			runOnlyForDeploymentPostprocessing = 0;
			shellPath = /bin/sh;
			shellScript = "\"${SRCROOT}/Pods/Target Support Files/Pods-LYQianNiuUITests/Pods-LYQianNiuUITests-resources.sh\"\n";
			showEnvVarsInLog = 0;
		};
		F173728967BF487EA790B0D9 /* [CP] Embed Pods Frameworks */ = {
			isa = PBXShellScriptBuildPhase;
			buildActionMask = 2147483647;
			files = (
			);
			inputPaths = (
			);
			name = "[CP] Embed Pods Frameworks";
			outputPaths = (
			);
			runOnlyForDeploymentPostprocessing = 0;
			shellPath = /bin/sh;
			shellScript = "\"${SRCROOT}/Pods/Target Support Files/Pods-LYQianNiuTests/Pods-LYQianNiuTests-frameworks.sh\"\n";
			showEnvVarsInLog = 0;
		};
/* End PBXShellScriptBuildPhase section */

/* Begin PBXSourcesBuildPhase section */
		2632C7131E6D56FB001278CA /* Sources */ = {
			isa = PBXSourcesBuildPhase;
			buildActionMask = 2147483647;
			files = (
				2632C7671E6D5FA2001278CA /* LYLoginViewController.m in Sources */,
				2632C7C11E6DC58F001278CA /* LYMainViewContainer.m in Sources */,
				2698E2B01E6FF28A009CED7B /* TestCode.m in Sources */,
				2698E2A41E6FE562009CED7B /* LYRightViewContainer.m in Sources */,
				2698E2911E6FDE6A009CED7B /* LYRightContainerViewController.m in Sources */,
				2632C7251E6D56FB001278CA /* LYQianNiu.xcdatamodeld in Sources */,
				2698E29E1E6FE353009CED7B /* LYImageTextField.m in Sources */,
				2632C7EF1E6EB178001278CA /* LYNavigationViewController.m in Sources */,
				2632C71F1E6D56FB001278CA /* main.m in Sources */,
				2698E2981E6FE310009CED7B /* LYLeftViewContainer.m in Sources */,
				2632C71C1E6D56FB001278CA /* AppDelegate.m in Sources */,
				2632C79D1E6D8FC4001278CA /* LYView.m in Sources */,
				2632C7BC1E6DA42B001278CA /* LYMainWindowController.m in Sources */,
			);
			runOnlyForDeploymentPostprocessing = 0;
		};
		2632C72C1E6D56FB001278CA /* Sources */ = {
			isa = PBXSourcesBuildPhase;
			buildActionMask = 2147483647;
			files = (
				2632C7351E6D56FB001278CA /* LYQianNiuTests.m in Sources */,
			);
			runOnlyForDeploymentPostprocessing = 0;
		};
		2632C7371E6D56FB001278CA /* Sources */ = {
			isa = PBXSourcesBuildPhase;
			buildActionMask = 2147483647;
			files = (
				2632C7401E6D56FB001278CA /* LYQianNiuUITests.m in Sources */,
			);
			runOnlyForDeploymentPostprocessing = 0;
		};
/* End PBXSourcesBuildPhase section */

/* Begin PBXTargetDependency section */
		2632C7321E6D56FB001278CA /* PBXTargetDependency */ = {
			isa = PBXTargetDependency;
			target = 2632C7161E6D56FB001278CA /* LYQianNiu */;
			targetProxy = 2632C7311E6D56FB001278CA /* PBXContainerItemProxy */;
		};
		2632C73D1E6D56FB001278CA /* PBXTargetDependency */ = {
			isa = PBXTargetDependency;
			target = 2632C7161E6D56FB001278CA /* LYQianNiu */;
			targetProxy = 2632C73C1E6D56FB001278CA /* PBXContainerItemProxy */;
		};
/* End PBXTargetDependency section */

/* Begin XCBuildConfiguration section */
		2632C7421E6D56FB001278CA /* Debug */ = {
			isa = XCBuildConfiguration;
			buildSettings = {
				ALWAYS_SEARCH_USER_PATHS = NO;
				CLANG_ANALYZER_NONNULL = YES;
				CLANG_CXX_LANGUAGE_STANDARD = "gnu++0x";
				CLANG_CXX_LIBRARY = "libc++";
				CLANG_ENABLE_MODULES = YES;
				CLANG_ENABLE_OBJC_ARC = YES;
				CLANG_WARN_BOOL_CONVERSION = YES;
				CLANG_WARN_CONSTANT_CONVERSION = YES;
				CLANG_WARN_DIRECT_OBJC_ISA_USAGE = YES_ERROR;
				CLANG_WARN_DOCUMENTATION_COMMENTS = YES;
				CLANG_WARN_EMPTY_BODY = YES;
				CLANG_WARN_ENUM_CONVERSION = YES;
				CLANG_WARN_INFINITE_RECURSION = YES;
				CLANG_WARN_INT_CONVERSION = YES;
				CLANG_WARN_OBJC_ROOT_CLASS = YES_ERROR;
				CLANG_WARN_SUSPICIOUS_MOVE = YES;
				CLANG_WARN_UNREACHABLE_CODE = YES;
				CLANG_WARN__DUPLICATE_METHOD_MATCH = YES;
				CODE_SIGN_IDENTITY = "-";
				COPY_PHASE_STRIP = NO;
				DEBUG_INFORMATION_FORMAT = dwarf;
				ENABLE_STRICT_OBJC_MSGSEND = YES;
				ENABLE_TESTABILITY = YES;
				GCC_C_LANGUAGE_STANDARD = gnu99;
				GCC_DYNAMIC_NO_PIC = NO;
				GCC_NO_COMMON_BLOCKS = YES;
				GCC_OPTIMIZATION_LEVEL = 0;
				GCC_PREPROCESSOR_DEFINITIONS = (
					"DEBUG=1",
					"$(inherited)",
				);
				GCC_WARN_64_TO_32_BIT_CONVERSION = YES;
				GCC_WARN_ABOUT_RETURN_TYPE = YES_ERROR;
				GCC_WARN_UNDECLARED_SELECTOR = YES;
				GCC_WARN_UNINITIALIZED_AUTOS = YES_AGGRESSIVE;
				GCC_WARN_UNUSED_FUNCTION = YES;
				GCC_WARN_UNUSED_VARIABLE = YES;
				MACOSX_DEPLOYMENT_TARGET = 10.12;
				MTL_ENABLE_DEBUG_INFO = YES;
				ONLY_ACTIVE_ARCH = YES;
				SDKROOT = macosx;
			};
			name = Debug;
		};
		2632C7431E6D56FB001278CA /* Release */ = {
			isa = XCBuildConfiguration;
			buildSettings = {
				ALWAYS_SEARCH_USER_PATHS = NO;
				CLANG_ANALYZER_NONNULL = YES;
				CLANG_CXX_LANGUAGE_STANDARD = "gnu++0x";
				CLANG_CXX_LIBRARY = "libc++";
				CLANG_ENABLE_MODULES = YES;
				CLANG_ENABLE_OBJC_ARC = YES;
				CLANG_WARN_BOOL_CONVERSION = YES;
				CLANG_WARN_CONSTANT_CONVERSION = YES;
				CLANG_WARN_DIRECT_OBJC_ISA_USAGE = YES_ERROR;
				CLANG_WARN_DOCUMENTATION_COMMENTS = YES;
				CLANG_WARN_EMPTY_BODY = YES;
				CLANG_WARN_ENUM_CONVERSION = YES;
				CLANG_WARN_INFINITE_RECURSION = YES;
				CLANG_WARN_INT_CONVERSION = YES;
				CLANG_WARN_OBJC_ROOT_CLASS = YES_ERROR;
				CLANG_WARN_SUSPICIOUS_MOVE = YES;
				CLANG_WARN_UNREACHABLE_CODE = YES;
				CLANG_WARN__DUPLICATE_METHOD_MATCH = YES;
				CODE_SIGN_IDENTITY = "-";
				COPY_PHASE_STRIP = NO;
				DEBUG_INFORMATION_FORMAT = "dwarf-with-dsym";
				ENABLE_NS_ASSERTIONS = NO;
				ENABLE_STRICT_OBJC_MSGSEND = YES;
				GCC_C_LANGUAGE_STANDARD = gnu99;
				GCC_NO_COMMON_BLOCKS = YES;
				GCC_WARN_64_TO_32_BIT_CONVERSION = YES;
				GCC_WARN_ABOUT_RETURN_TYPE = YES_ERROR;
				GCC_WARN_UNDECLARED_SELECTOR = YES;
				GCC_WARN_UNINITIALIZED_AUTOS = YES_AGGRESSIVE;
				GCC_WARN_UNUSED_FUNCTION = YES;
				GCC_WARN_UNUSED_VARIABLE = YES;
				MACOSX_DEPLOYMENT_TARGET = 10.12;
				MTL_ENABLE_DEBUG_INFO = NO;
				SDKROOT = macosx;
			};
			name = Release;
		};
		2632C7451E6D56FB001278CA /* Debug */ = {
			isa = XCBuildConfiguration;
			baseConfigurationReference = 106B14345709567ABBEF17DE /* Pods-LYQianNiu.debug.xcconfig */;
			buildSettings = {
				ASSETCATALOG_COMPILER_APPICON_NAME = AppIcon;
				COMBINE_HIDPI_IMAGES = YES;
				DEVELOPMENT_TEAM = H2H4C4T387;
				GCC_PRECOMPILE_PREFIX_HEADER = YES;
				GCC_PREFIX_HEADER = /Users/luoyang/Documents/GitRepository/LeonidasDemos/LYQianNiu/LYQianNiu/PrefixHeader.pch;
				INFOPLIST_FILE = LYQianNiu/Info.plist;
				LD_RUNPATH_SEARCH_PATHS = "$(inherited) @executable_path/../Frameworks";
				PRODUCT_BUNDLE_IDENTIFIER = Leon.LYQianNiu;
				PRODUCT_NAME = "$(TARGET_NAME)";
			};
			name = Debug;
		};
		2632C7461E6D56FB001278CA /* Release */ = {
			isa = XCBuildConfiguration;
			baseConfigurationReference = 96A4DB0EC98CC77D9833FC62 /* Pods-LYQianNiu.release.xcconfig */;
			buildSettings = {
				ASSETCATALOG_COMPILER_APPICON_NAME = AppIcon;
				COMBINE_HIDPI_IMAGES = YES;
				DEVELOPMENT_TEAM = H2H4C4T387;
				GCC_PRECOMPILE_PREFIX_HEADER = YES;
				GCC_PREFIX_HEADER = /Users/luoyang/Documents/GitRepository/LeonidasDemos/LYQianNiu/LYQianNiu/PrefixHeader.pch;
				INFOPLIST_FILE = LYQianNiu/Info.plist;
				LD_RUNPATH_SEARCH_PATHS = "$(inherited) @executable_path/../Frameworks";
				PRODUCT_BUNDLE_IDENTIFIER = Leon.LYQianNiu;
				PRODUCT_NAME = "$(TARGET_NAME)";
			};
			name = Release;
		};
		2632C7481E6D56FB001278CA /* Debug */ = {
			isa = XCBuildConfiguration;
			baseConfigurationReference = B41429DCAF71F0C9E2C60099 /* Pods-LYQianNiuTests.debug.xcconfig */;
			buildSettings = {
				BUNDLE_LOADER = "$(TEST_HOST)";
				COMBINE_HIDPI_IMAGES = YES;
				DEVELOPMENT_TEAM = H2H4C4T387;
				INFOPLIST_FILE = LYQianNiuTests/Info.plist;
				LD_RUNPATH_SEARCH_PATHS = "$(inherited) @executable_path/../Frameworks @loader_path/../Frameworks";
				PRODUCT_BUNDLE_IDENTIFIER = Leon.LYQianNiuTests;
				PRODUCT_NAME = "$(TARGET_NAME)";
				TEST_HOST = "$(BUILT_PRODUCTS_DIR)/LYQianNiu.app/Contents/MacOS/LYQianNiu";
			};
			name = Debug;
		};
		2632C7491E6D56FB001278CA /* Release */ = {
			isa = XCBuildConfiguration;
			baseConfigurationReference = 4EAB8BD670FE255F58F116AD /* Pods-LYQianNiuTests.release.xcconfig */;
			buildSettings = {
				BUNDLE_LOADER = "$(TEST_HOST)";
				COMBINE_HIDPI_IMAGES = YES;
				DEVELOPMENT_TEAM = H2H4C4T387;
				INFOPLIST_FILE = LYQianNiuTests/Info.plist;
				LD_RUNPATH_SEARCH_PATHS = "$(inherited) @executable_path/../Frameworks @loader_path/../Frameworks";
				PRODUCT_BUNDLE_IDENTIFIER = Leon.LYQianNiuTests;
				PRODUCT_NAME = "$(TARGET_NAME)";
				TEST_HOST = "$(BUILT_PRODUCTS_DIR)/LYQianNiu.app/Contents/MacOS/LYQianNiu";
			};
			name = Release;
		};
		2632C74B1E6D56FB001278CA /* Debug */ = {
			isa = XCBuildConfiguration;
			baseConfigurationReference = F6816226917AA20BB7D4BE5C /* Pods-LYQianNiuUITests.debug.xcconfig */;
			buildSettings = {
				COMBINE_HIDPI_IMAGES = YES;
				DEVELOPMENT_TEAM = H2H4C4T387;
				INFOPLIST_FILE = LYQianNiuUITests/Info.plist;
				LD_RUNPATH_SEARCH_PATHS = "$(inherited) @executable_path/../Frameworks @loader_path/../Frameworks";
				PRODUCT_BUNDLE_IDENTIFIER = Leon.LYQianNiuUITests;
				PRODUCT_NAME = "$(TARGET_NAME)";
				TEST_TARGET_NAME = LYQianNiu;
			};
			name = Debug;
		};
		2632C74C1E6D56FB001278CA /* Release */ = {
			isa = XCBuildConfiguration;
			baseConfigurationReference = EE302B6F3DB377B1BF8102C9 /* Pods-LYQianNiuUITests.release.xcconfig */;
			buildSettings = {
				COMBINE_HIDPI_IMAGES = YES;
				DEVELOPMENT_TEAM = H2H4C4T387;
				INFOPLIST_FILE = LYQianNiuUITests/Info.plist;
				LD_RUNPATH_SEARCH_PATHS = "$(inherited) @executable_path/../Frameworks @loader_path/../Frameworks";
				PRODUCT_BUNDLE_IDENTIFIER = Leon.LYQianNiuUITests;
				PRODUCT_NAME = "$(TARGET_NAME)";
				TEST_TARGET_NAME = LYQianNiu;
			};
			name = Release;
		};
/* End XCBuildConfiguration section */

/* Begin XCConfigurationList section */
		2632C7121E6D56FB001278CA /* Build configuration list for PBXProject "LYQianNiu" */ = {
			isa = XCConfigurationList;
			buildConfigurations = (
				2632C7421E6D56FB001278CA /* Debug */,
				2632C7431E6D56FB001278CA /* Release */,
			);
			defaultConfigurationIsVisible = 0;
			defaultConfigurationName = Release;
		};
		2632C7441E6D56FB001278CA /* Build configuration list for PBXNativeTarget "LYQianNiu" */ = {
			isa = XCConfigurationList;
			buildConfigurations = (
				2632C7451E6D56FB001278CA /* Debug */,
				2632C7461E6D56FB001278CA /* Release */,
			);
			defaultConfigurationIsVisible = 0;
			defaultConfigurationName = Release;
		};
		2632C7471E6D56FB001278CA /* Build configuration list for PBXNativeTarget "LYQianNiuTests" */ = {
			isa = XCConfigurationList;
			buildConfigurations = (
				2632C7481E6D56FB001278CA /* Debug */,
				2632C7491E6D56FB001278CA /* Release */,
			);
			defaultConfigurationIsVisible = 0;
			defaultConfigurationName = Release;
		};
		2632C74A1E6D56FB001278CA /* Build configuration list for PBXNativeTarget "LYQianNiuUITests" */ = {
			isa = XCConfigurationList;
			buildConfigurations = (
				2632C74B1E6D56FB001278CA /* Debug */,
				2632C74C1E6D56FB001278CA /* Release */,
			);
			defaultConfigurationIsVisible = 0;
			defaultConfigurationName = Release;
		};
/* End XCConfigurationList section */

/* Begin XCVersionGroup section */
		2632C7231E6D56FB001278CA /* LYQianNiu.xcdatamodeld */ = {
			isa = XCVersionGroup;
			children = (
				2632C7241E6D56FB001278CA /* LYQianNiu.xcdatamodel */,
			);
			currentVersion = 2632C7241E6D56FB001278CA /* LYQianNiu.xcdatamodel */;
			path = LYQianNiu.xcdatamodeld;
			sourceTree = "<group>";
			versionGroupType = wrapper.xcdatamodel;
		};
/* End XCVersionGroup section */
	};
	rootObject = 2632C70F1E6D56FB001278CA /* Project object */;
}
