// !$*UTF8*$!
{
	archiveVersion = 1;
	classes = {
	};
	objectVersion = 46;
	objects = {

/* Begin PBXBuildFile section */
		2632C71C1E6D56FB001278CA /* AppDelegate.m in Sources */ = {isa = PBXBuildFile; fileRef = 2632C71B1E6D56FB001278CA /* AppDelegate.m */; };
		2632C71F1E6D56FB001278CA /* main.m in Sources */ = {isa = PBXBuildFile; fileRef = 2632C71E1E6D56FB001278CA /* main.m */; };
		2632C7251E6D56FB001278CA /* LYQianNiu.xcdatamodeld in Sources */ = {isa = PBXBuildFile; fileRef = 2632C7231E6D56FB001278CA /* LYQianNiu.xcdatamodeld */; };
		2632C7271E6D56FB001278CA /* Assets.xcassets in Resources */ = {isa = PBXBuildFile; fileRef = 2632C7261E6D56FB001278CA /* Assets.xcassets */; };
		2632C7351E6D56FB001278CA /* LYQianNiuTests.m in Sources */ = {isa = PBXBuildFile; fileRef = 2632C7341E6D56FB001278CA /* LYQianNiuTests.m */; };
		2632C7401E6D56FB001278CA /* LYQianNiuUITests.m in Sources */ = {isa = PBXBuildFile; fileRef = 2632C73F1E6D56FB001278CA /* LYQianNiuUITests.m */; };
		2632C7671E6D5FA2001278CA /* LYLoginViewController.m in Sources */ = {isa = PBXBuildFile; fileRef = 2632C7651E6D5FA2001278CA /* LYLoginViewController.m */; };
		2632C7681E6D5FA2001278CA /* LYLoginViewController.xib in Resources */ = {isa = PBXBuildFile; fileRef = 2632C7661E6D5FA2001278CA /* LYLoginViewController.xib */; };
		2632C7871E6D669C001278CA /* MainMenu.xib in Resources */ = {isa = PBXBuildFile; fileRef = 2632C7861E6D669C001278CA /* MainMenu.xib */; };
		2632C79D1E6D8FC4001278CA /* LYView.m in Sources */ = {isa = PBXBuildFile; fileRef = 2632C79C1E6D8FC4001278CA /* LYView.m */; };
		2632C7A01E6D97DE001278CA /* LoginLeft.png in Resources */ = {isa = PBXBuildFile; fileRef = 2632C79F1E6D97DE001278CA /* LoginLeft.png */; };
		2632C7A31E6D97E7001278CA /* appIcon_32x32@2x.png in Resources */ = {isa = PBXBuildFile; fileRef = 2632C7A11E6D97E7001278CA /* appIcon_32x32@2x.png */; };
		2632C7A41E6D97E7001278CA /* appIcon_32x32@1x.png in Resources */ = {isa = PBXBuildFile; fileRef = 2632C7A21E6D97E7001278CA /* appIcon_32x32@1x.png */; };
		2632C7A61E6DA0AC001278CA /* login_ico_entry_pre.png in Resources */ = {isa = PBXBuildFile; fileRef = 2632C7A51E6DA0AC001278CA /* login_ico_entry_pre.png */; };
		2632C7AA1E6DA0E8001278CA /* login_Arrow_Down.png in Resources */ = {isa = PBXBuildFile; fileRef = 2632C7A71E6DA0E8001278CA /* login_Arrow_Down.png */; };
		2632C7AB1E6DA0E8001278CA /* login_Arrow_Up.png in Resources */ = {isa = PBXBuildFile; fileRef = 2632C7A81E6DA0E8001278CA /* login_Arrow_Up.png */; };
		2632C7AC1E6DA0E8001278CA /* login_ico_key_nor2.png in Resources */ = {isa = PBXBuildFile; fileRef = 2632C7A91E6DA0E8001278CA /* login_ico_key_nor2.png */; };
		2632C7B11E6DA167001278CA /* login_ico_ali_nor_small.png in Resources */ = {isa = PBXBuildFile; fileRef = 2632C7AD1E6DA167001278CA /* login_ico_ali_nor_small.png */; };
		2632C7B21E6DA167001278CA /* login_ico_ali_nor.png in Resources */ = {isa = PBXBuildFile; fileRef = 2632C7AE1E6DA167001278CA /* login_ico_ali_nor.png */; };
		2632C7B31E6DA167001278CA /* login_ico_tao_nor_small.png in Resources */ = {isa = PBXBuildFile; fileRef = 2632C7AF1E6DA167001278CA /* login_ico_tao_nor_small.png */; };
		2632C7B41E6DA167001278CA /* login_ico_tao_nor.png in Resources */ = {isa = PBXBuildFile; fileRef = 2632C7B01E6DA167001278CA /* login_ico_tao_nor.png */; };
		2632C7B61E6DA218001278CA /* login_photo_self.png in Resources */ = {isa = PBXBuildFile; fileRef = 2632C7B51E6DA218001278CA /* login_photo_self.png */; };
		2632C7BC1E6DA42B001278CA /* LYMainWindowController.m in Sources */ = {isa = PBXBuildFile; fileRef = 2632C7BA1E6DA42B001278CA /* LYMainWindowController.m */; };
		2632C7BD1E6DA42B001278CA /* LYMainWindowController.xib in Resources */ = {isa = PBXBuildFile; fileRef = 2632C7BB1E6DA42B001278CA /* LYMainWindowController.xib */; };
		2632C7C11E6DC58F001278CA /* LYMainViewContainer.m in Sources */ = {isa = PBXBuildFile; fileRef = 2632C7BF1E6DC58F001278CA /* LYMainViewContainer.m */; };
		2632C7C21E6DC58F001278CA /* LYMainViewContainer.xib in Resources */ = {isa = PBXBuildFile; fileRef = 2632C7C01E6DC58F001278CA /* LYMainViewContainer.xib */; };
/* End PBXBuildFile section */

/* Begin PBXContainerItemProxy section */
		2632C7311E6D56FB001278CA /* PBXContainerItemProxy */ = {
			isa = PBXContainerItemProxy;
			containerPortal = 2632C70F1E6D56FB001278CA /* Project object */;
			proxyType = 1;
			remoteGlobalIDString = 2632C7161E6D56FB001278CA;
			remoteInfo = LYQianNiu;
		};
		2632C73C1E6D56FB001278CA /* PBXContainerItemProxy */ = {
			isa = PBXContainerItemProxy;
			containerPortal = 2632C70F1E6D56FB001278CA /* Project object */;
			proxyType = 1;
			remoteGlobalIDString = 2632C7161E6D56FB001278CA;
			remoteInfo = LYQianNiu;
		};
/* End PBXContainerItemProxy section */

/* Begin PBXFileReference section */
		2632C7171E6D56FB001278CA /* LYQianNiu.app */ = {isa = PBXFileReference; explicitFileType = wrapper.application; includeInIndex = 0; path = LYQianNiu.app; sourceTree = BUILT_PRODUCTS_DIR; };
		2632C71A1E6D56FB001278CA /* AppDelegate.h */ = {isa = PBXFileReference; lastKnownFileType = sourcecode.c.h; path = AppDelegate.h; sourceTree = "<group>"; };
		2632C71B1E6D56FB001278CA /* AppDelegate.m */ = {isa = PBXFileReference; lastKnownFileType = sourcecode.c.objc; path = AppDelegate.m; sourceTree = "<group>"; };
		2632C71E1E6D56FB001278CA /* main.m */ = {isa = PBXFileReference; lastKnownFileType = sourcecode.c.objc; path = main.m; sourceTree = "<group>"; };
		2632C7241E6D56FB001278CA /* LYQianNiu.xcdatamodel */ = {isa = PBXFileReference; lastKnownFileType = wrapper.xcdatamodel; path = LYQianNiu.xcdatamodel; sourceTree = "<group>"; };
		2632C7261E6D56FB001278CA /* Assets.xcassets */ = {isa = PBXFileReference; lastKnownFileType = folder.assetcatalog; path = Assets.xcassets; sourceTree = "<group>"; };
		2632C72B1E6D56FB001278CA /* Info.plist */ = {isa = PBXFileReference; lastKnownFileType = text.plist.xml; path = Info.plist; sourceTree = "<group>"; };
		2632C7301E6D56FB001278CA /* LYQianNiuTests.xctest */ = {isa = PBXFileReference; explicitFileType = wrapper.cfbundle; includeInIndex = 0; path = LYQianNiuTests.xctest; sourceTree = BUILT_PRODUCTS_DIR; };
		2632C7341E6D56FB001278CA /* LYQianNiuTests.m */ = {isa = PBXFileReference; lastKnownFileType = sourcecode.c.objc; path = LYQianNiuTests.m; sourceTree = "<group>"; };
		2632C7361E6D56FB001278CA /* Info.plist */ = {isa = PBXFileReference; lastKnownFileType = text.plist.xml; path = Info.plist; sourceTree = "<group>"; };
		2632C73B1E6D56FB001278CA /* LYQianNiuUITests.xctest */ = {isa = PBXFileReference; explicitFileType = wrapper.cfbundle; includeInIndex = 0; path = LYQianNiuUITests.xctest; sourceTree = BUILT_PRODUCTS_DIR; };
		2632C73F1E6D56FB001278CA /* LYQianNiuUITests.m */ = {isa = PBXFileReference; lastKnownFileType = sourcecode.c.objc; path = LYQianNiuUITests.m; sourceTree = "<group>"; };
		2632C7411E6D56FB001278CA /* Info.plist */ = {isa = PBXFileReference; lastKnownFileType = text.plist.xml; path = Info.plist; sourceTree = "<group>"; };
		2632C7641E6D5FA2001278CA /* LYLoginViewController.h */ = {isa = PBXFileReference; fileEncoding = 4; lastKnownFileType = sourcecode.c.h; path = LYLoginViewController.h; sourceTree = "<group>"; };
		2632C7651E6D5FA2001278CA /* LYLoginViewController.m */ = {isa = PBXFileReference; fileEncoding = 4; lastKnownFileType = sourcecode.c.objc; path = LYLoginViewController.m; sourceTree = "<group>"; };
		2632C7661E6D5FA2001278CA /* LYLoginViewController.xib */ = {isa = PBXFileReference; fileEncoding = 4; lastKnownFileType = file.xib; path = LYLoginViewController.xib; sourceTree = "<group>"; };
		2632C7861E6D669C001278CA /* MainMenu.xib */ = {isa = PBXFileReference; fileEncoding = 4; lastKnownFileType = file.xib; path = MainMenu.xib; sourceTree = "<group>"; };
		2632C79B1E6D8FC4001278CA /* LYView.h */ = {isa = PBXFileReference; fileEncoding = 4; lastKnownFileType = sourcecode.c.h; path = LYView.h; sourceTree = "<group>"; };
		2632C79C1E6D8FC4001278CA /* LYView.m */ = {isa = PBXFileReference; fileEncoding = 4; lastKnownFileType = sourcecode.c.objc; path = LYView.m; sourceTree = "<group>"; };
		2632C79F1E6D97DE001278CA /* LoginLeft.png */ = {isa = PBXFileReference; lastKnownFileType = image.png; name = LoginLeft.png; path = ../../../../../Desktop/LoginLeft.png; sourceTree = "<group>"; };
		2632C7A11E6D97E7001278CA /* appIcon_32x32@2x.png */ = {isa = PBXFileReference; lastKnownFileType = image.png; path = "appIcon_32x32@2x.png"; sourceTree = "<group>"; };
		2632C7A21E6D97E7001278CA /* appIcon_32x32@1x.png */ = {isa = PBXFileReference; lastKnownFileType = image.png; path = "appIcon_32x32@1x.png"; sourceTree = "<group>"; };
		2632C7A51E6DA0AC001278CA /* login_ico_entry_pre.png */ = {isa = PBXFileReference; lastKnownFileType = image.png; path = login_ico_entry_pre.png; sourceTree = "<group>"; };
		2632C7A71E6DA0E8001278CA /* login_Arrow_Down.png */ = {isa = PBXFileReference; lastKnownFileType = image.png; path = login_Arrow_Down.png; sourceTree = "<group>"; };
		2632C7A81E6DA0E8001278CA /* login_Arrow_Up.png */ = {isa = PBXFileReference; lastKnownFileType = image.png; path = login_Arrow_Up.png; sourceTree = "<group>"; };
		2632C7A91E6DA0E8001278CA /* login_ico_key_nor2.png */ = {isa = PBXFileReference; lastKnownFileType = image.png; path = login_ico_key_nor2.png; sourceTree = "<group>"; };
		2632C7AD1E6DA167001278CA /* login_ico_ali_nor_small.png */ = {isa = PBXFileReference; lastKnownFileType = image.png; path = login_ico_ali_nor_small.png; sourceTree = "<group>"; };
		2632C7AE1E6DA167001278CA /* login_ico_ali_nor.png */ = {isa = PBXFileReference; lastKnownFileType = image.png; path = login_ico_ali_nor.png; sourceTree = "<group>"; };
		2632C7AF1E6DA167001278CA /* login_ico_tao_nor_small.png */ = {isa = PBXFileReference; lastKnownFileType = image.png; path = login_ico_tao_nor_small.png; sourceTree = "<group>"; };
		2632C7B01E6DA167001278CA /* login_ico_tao_nor.png */ = {isa = PBXFileReference; lastKnownFileType = image.png; path = login_ico_tao_nor.png; sourceTree = "<group>"; };
		2632C7B51E6DA218001278CA /* login_photo_self.png */ = {isa = PBXFileReference; lastKnownFileType = image.png; path = login_photo_self.png; sourceTree = "<group>"; };
		2632C7B91E6DA42B001278CA /* LYMainWindowController.h */ = {isa = PBXFileReference; fileEncoding = 4; lastKnownFileType = sourcecode.c.h; path = LYMainWindowController.h; sourceTree = "<group>"; };
		2632C7BA1E6DA42B001278CA /* LYMainWindowController.m */ = {isa = PBXFileReference; fileEncoding = 4; lastKnownFileType = sourcecode.c.objc; path = LYMainWindowController.m; sourceTree = "<group>"; };
		2632C7BB1E6DA42B001278CA /* LYMainWindowController.xib */ = {isa = PBXFileReference; fileEncoding = 4; lastKnownFileType = file.xib; path = LYMainWindowController.xib; sourceTree = "<group>"; };
		2632C7BE1E6DC58F001278CA /* LYMainViewContainer.h */ = {isa = PBXFileReference; fileEncoding = 4; lastKnownFileType = sourcecode.c.h; path = LYMainViewContainer.h; sourceTree = "<group>"; };
		2632C7BF1E6DC58F001278CA /* LYMainViewContainer.m */ = {isa = PBXFileReference; fileEncoding = 4; lastKnownFileType = sourcecode.c.objc; path = LYMainViewContainer.m; sourceTree = "<group>"; };
		2632C7C01E6DC58F001278CA /* LYMainViewContainer.xib */ = {isa = PBXFileReference; fileEncoding = 4; lastKnownFileType = file.xib; path = LYMainViewContainer.xib; sourceTree = "<group>"; };
/* End PBXFileReference section */

/* Begin PBXFrameworksBuildPhase section */
		2632C7141E6D56FB001278CA /* Frameworks */ = {
			isa = PBXFrameworksBuildPhase;
			buildActionMask = 2147483647;
			files = (
			);
			runOnlyForDeploymentPostprocessing = 0;
		};
		2632C72D1E6D56FB001278CA /* Frameworks */ = {
			isa = PBXFrameworksBuildPhase;
			buildActionMask = 2147483647;
			files = (
			);
			runOnlyForDeploymentPostprocessing = 0;
		};
		2632C7381E6D56FB001278CA /* Frameworks */ = {
			isa = PBXFrameworksBuildPhase;
			buildActionMask = 2147483647;
			files = (
			);
			runOnlyForDeploymentPostprocessing = 0;
		};
/* End PBXFrameworksBuildPhase section */

/* Begin PBXGroup section */
		2632C70E1E6D56FB001278CA = {
			isa = PBXGroup;
			children = (
				2632C7191E6D56FB001278CA /* LYQianNiu */,
				2632C7331E6D56FB001278CA /* LYQianNiuTests */,
				2632C73E1E6D56FB001278CA /* LYQianNiuUITests */,
				2632C7181E6D56FB001278CA /* Products */,
			);
			sourceTree = "<group>";
		};
		2632C7181E6D56FB001278CA /* Products */ = {
			isa = PBXGroup;
			children = (
				2632C7171E6D56FB001278CA /* LYQianNiu.app */,
				2632C7301E6D56FB001278CA /* LYQianNiuTests.xctest */,
				2632C73B1E6D56FB001278CA /* LYQianNiuUITests.xctest */,
			);
			name = Products;
			sourceTree = "<group>";
		};
		2632C7191E6D56FB001278CA /* LYQianNiu */ = {
			isa = PBXGroup;
			children = (
				2632C7B81E6DA414001278CA /* MainWindow */,
				2632C79A1E6D8FB0001278CA /* SubClasses */,
				2632C7521E6D5892001278CA /* Login */,
				2632C7501E6D584D001278CA /* Other */,
				2632C71D1E6D56FB001278CA /* Supporting Files */,
			);
			path = LYQianNiu;
			sourceTree = "<group>";
		};
		2632C71D1E6D56FB001278CA /* Supporting Files */ = {
			isa = PBXGroup;
			children = (
				2632C7231E6D56FB001278CA /* LYQianNiu.xcdatamodeld */,
				2632C7861E6D669C001278CA /* MainMenu.xib */,
				2632C72B1E6D56FB001278CA /* Info.plist */,
				2632C71E1E6D56FB001278CA /* main.m */,
				2632C79E1E6D97B3001278CA /* Pics */,
			);
			name = "Supporting Files";
			sourceTree = "<group>";
		};
		2632C7331E6D56FB001278CA /* LYQianNiuTests */ = {
			isa = PBXGroup;
			children = (
				2632C7341E6D56FB001278CA /* LYQianNiuTests.m */,
				2632C7361E6D56FB001278CA /* Info.plist */,
			);
			path = LYQianNiuTests;
			sourceTree = "<group>";
		};
		2632C73E1E6D56FB001278CA /* LYQianNiuUITests */ = {
			isa = PBXGroup;
			children = (
				2632C73F1E6D56FB001278CA /* LYQianNiuUITests.m */,
				2632C7411E6D56FB001278CA /* Info.plist */,
			);
			path = LYQianNiuUITests;
			sourceTree = "<group>";
		};
		2632C7501E6D584D001278CA /* Other */ = {
			isa = PBXGroup;
			children = (
				2632C7261E6D56FB001278CA /* Assets.xcassets */,
				2632C71A1E6D56FB001278CA /* AppDelegate.h */,
				2632C71B1E6D56FB001278CA /* AppDelegate.m */,
			);
			name = Other;
			sourceTree = "<group>";
		};
		2632C7521E6D5892001278CA /* Login */ = {
			isa = PBXGroup;
			children = (
				2632C75E1E6D5F4D001278CA /* ViewController */,
			);
			name = Login;
			sourceTree = "<group>";
		};
		2632C75E1E6D5F4D001278CA /* ViewController */ = {
			isa = PBXGroup;
			children = (
				2632C7641E6D5FA2001278CA /* LYLoginViewController.h */,
				2632C7651E6D5FA2001278CA /* LYLoginViewController.m */,
				2632C7661E6D5FA2001278CA /* LYLoginViewController.xib */,
			);
			name = ViewController;
			sourceTree = "<group>";
		};
		2632C79A1E6D8FB0001278CA /* SubClasses */ = {
			isa = PBXGroup;
			children = (
				2632C79B1E6D8FC4001278CA /* LYView.h */,
				2632C79C1E6D8FC4001278CA /* LYView.m */,
			);
			name = SubClasses;
			sourceTree = "<group>";
		};
		2632C79E1E6D97B3001278CA /* Pics */ = {
			isa = PBXGroup;
			children = (
				2632C7B51E6DA218001278CA /* login_photo_self.png */,
				2632C7A11E6D97E7001278CA /* appIcon_32x32@2x.png */,
				2632C7A21E6D97E7001278CA /* appIcon_32x32@1x.png */,
				2632C79F1E6D97DE001278CA /* LoginLeft.png */,
				2632C7A71E6DA0E8001278CA /* login_Arrow_Down.png */,
				2632C7A81E6DA0E8001278CA /* login_Arrow_Up.png */,
				2632C7A91E6DA0E8001278CA /* login_ico_key_nor2.png */,
				2632C7A51E6DA0AC001278CA /* login_ico_entry_pre.png */,
				2632C7AD1E6DA167001278CA /* login_ico_ali_nor_small.png */,
				2632C7AE1E6DA167001278CA /* login_ico_ali_nor.png */,
				2632C7AF1E6DA167001278CA /* login_ico_tao_nor_small.png */,
				2632C7B01E6DA167001278CA /* login_ico_tao_nor.png */,
			);
			name = Pics;
			sourceTree = "<group>";
		};
		2632C7B81E6DA414001278CA /* MainWindow */ = {
			isa = PBXGroup;
			children = (
				2632C7BE1E6DC58F001278CA /* LYMainViewContainer.h */,
				2632C7BF1E6DC58F001278CA /* LYMainViewContainer.m */,
				2632C7C01E6DC58F001278CA /* LYMainViewContainer.xib */,
				2632C7B91E6DA42B001278CA /* LYMainWindowController.h */,
				2632C7BA1E6DA42B001278CA /* LYMainWindowController.m */,
				2632C7BB1E6DA42B001278CA /* LYMainWindowController.xib */,
			);
			name = MainWindow;
			sourceTree = "<group>";
		};
/* End PBXGroup section */

/* Begin PBXNativeTarget section */
		2632C7161E6D56FB001278CA /* LYQianNiu */ = {
			isa = PBXNativeTarget;
			buildConfigurationList = 2632C7441E6D56FB001278CA /* Build configuration list for PBXNativeTarget "LYQianNiu" */;
			buildPhases = (
				2632C7131E6D56FB001278CA /* Sources */,
				2632C7141E6D56FB001278CA /* Frameworks */,
				2632C7151E6D56FB001278CA /* Resources */,
			);
			buildRules = (
			);
			dependencies = (
			);
			name = LYQianNiu;
			productName = LYQianNiu;
			productReference = 2632C7171E6D56FB001278CA /* LYQianNiu.app */;
			productType = "com.apple.product-type.application";
		};
		2632C72F1E6D56FB001278CA /* LYQianNiuTests */ = {
			isa = PBXNativeTarget;
			buildConfigurationList = 2632C7471E6D56FB001278CA /* Build configuration list for PBXNativeTarget "LYQianNiuTests" */;
			buildPhases = (
				2632C72C1E6D56FB001278CA /* Sources */,
				2632C72D1E6D56FB001278CA /* Frameworks */,
				2632C72E1E6D56FB001278CA /* Resources */,
			);
			buildRules = (
			);
			dependencies = (
				2632C7321E6D56FB001278CA /* PBXTargetDependency */,
			);
			name = LYQianNiuTests;
			productName = LYQianNiuTests;
			productReference = 2632C7301E6D56FB001278CA /* LYQianNiuTests.xctest */;
			productType = "com.apple.product-type.bundle.unit-test";
		};
		2632C73A1E6D56FB001278CA /* LYQianNiuUITests */ = {
			isa = PBXNativeTarget;
			buildConfigurationList = 2632C74A1E6D56FB001278CA /* Build configuration list for PBXNativeTarget "LYQianNiuUITests" */;
			buildPhases = (
				2632C7371E6D56FB001278CA /* Sources */,
				2632C7381E6D56FB001278CA /* Frameworks */,
				2632C7391E6D56FB001278CA /* Resources */,
			);
			buildRules = (
			);
			dependencies = (
				2632C73D1E6D56FB001278CA /* PBXTargetDependency */,
			);
			name = LYQianNiuUITests;
			productName = LYQianNiuUITests;
			productReference = 2632C73B1E6D56FB001278CA /* LYQianNiuUITests.xctest */;
			productType = "com.apple.product-type.bundle.ui-testing";
		};
/* End PBXNativeTarget section */

/* Begin PBXProject section */
		2632C70F1E6D56FB001278CA /* Project object */ = {
			isa = PBXProject;
			attributes = {
				LastUpgradeCheck = 0820;
				ORGANIZATIONNAME = Leon;
				TargetAttributes = {
					2632C7161E6D56FB001278CA = {
						CreatedOnToolsVersion = 8.2.1;
						DevelopmentTeam = H2H4C4T387;
						ProvisioningStyle = Automatic;
					};
					2632C72F1E6D56FB001278CA = {
						CreatedOnToolsVersion = 8.2.1;
						DevelopmentTeam = H2H4C4T387;
						ProvisioningStyle = Automatic;
						TestTargetID = 2632C7161E6D56FB001278CA;
					};
					2632C73A1E6D56FB001278CA = {
						CreatedOnToolsVersion = 8.2.1;
						DevelopmentTeam = H2H4C4T387;
						ProvisioningStyle = Automatic;
						TestTargetID = 2632C7161E6D56FB001278CA;
					};
				};
			};
			buildConfigurationList = 2632C7121E6D56FB001278CA /* Build configuration list for PBXProject "LYQianNiu" */;
			compatibilityVersion = "Xcode 3.2";
			developmentRegion = English;
			hasScannedForEncodings = 0;
			knownRegions = (
				en,
				Base,
			);
			mainGroup = 2632C70E1E6D56FB001278CA;
			productRefGroup = 2632C7181E6D56FB001278CA /* Products */;
			projectDirPath = "";
			projectRoot = "";
			targets = (
				2632C7161E6D56FB001278CA /* LYQianNiu */,
				2632C72F1E6D56FB001278CA /* LYQianNiuTests */,
				2632C73A1E6D56FB001278CA /* LYQianNiuUITests */,
			);
		};
/* End PBXProject section */

/* Begin PBXResourcesBuildPhase section */
		2632C7151E6D56FB001278CA /* Resources */ = {
			isa = PBXResourcesBuildPhase;
			buildActionMask = 2147483647;
			files = (
				2632C7A31E6D97E7001278CA /* appIcon_32x32@2x.png in Resources */,
				2632C7BD1E6DA42B001278CA /* LYMainWindowController.xib in Resources */,
				2632C7AA1E6DA0E8001278CA /* login_Arrow_Down.png in Resources */,
				2632C7A61E6DA0AC001278CA /* login_ico_entry_pre.png in Resources */,
				2632C7A01E6D97DE001278CA /* LoginLeft.png in Resources */,
				2632C7B31E6DA167001278CA /* login_ico_tao_nor_small.png in Resources */,
				2632C7B61E6DA218001278CA /* login_photo_self.png in Resources */,
				2632C7271E6D56FB001278CA /* Assets.xcassets in Resources */,
				2632C7871E6D669C001278CA /* MainMenu.xib in Resources */,
				2632C7B21E6DA167001278CA /* login_ico_ali_nor.png in Resources */,
				2632C7C21E6DC58F001278CA /* LYMainViewContainer.xib in Resources */,
				2632C7681E6D5FA2001278CA /* LYLoginViewController.xib in Resources */,
				2632C7AB1E6DA0E8001278CA /* login_Arrow_Up.png in Resources */,
				2632C7AC1E6DA0E8001278CA /* login_ico_key_nor2.png in Resources */,
				2632C7A41E6D97E7001278CA /* appIcon_32x32@1x.png in Resources */,
				2632C7B41E6DA167001278CA /* login_ico_tao_nor.png in Resources */,
				2632C7B11E6DA167001278CA /* login_ico_ali_nor_small.png in Resources */,
			);
			runOnlyForDeploymentPostprocessing = 0;
		};
		2632C72E1E6D56FB001278CA /* Resources */ = {
			isa = PBXResourcesBuildPhase;
			buildActionMask = 2147483647;
			files = (
			);
			runOnlyForDeploymentPostprocessing = 0;
		};
		2632C7391E6D56FB001278CA /* Resources */ = {
			isa = PBXResourcesBuildPhase;
			buildActionMask = 2147483647;
			files = (
			);
			runOnlyForDeploymentPostprocessing = 0;
		};
/* End PBXResourcesBuildPhase section */

/* Begin PBXSourcesBuildPhase section */
		2632C7131E6D56FB001278CA /* Sources */ = {
			isa = PBXSourcesBuildPhase;
			buildActionMask = 2147483647;
			files = (
				2632C7671E6D5FA2001278CA /* LYLoginViewController.m in Sources */,
				2632C7C11E6DC58F001278CA /* LYMainViewContainer.m in Sources */,
				2632C7251E6D56FB001278CA /* LYQianNiu.xcdatamodeld in Sources */,
				2632C71F1E6D56FB001278CA /* main.m in Sources */,
				2632C71C1E6D56FB001278CA /* AppDelegate.m in Sources */,
				2632C79D1E6D8FC4001278CA /* LYView.m in Sources */,
				2632C7BC1E6DA42B001278CA /* LYMainWindowController.m in Sources */,
			);
			runOnlyForDeploymentPostprocessing = 0;
		};
		2632C72C1E6D56FB001278CA /* Sources */ = {
			isa = PBXSourcesBuildPhase;
			buildActionMask = 2147483647;
			files = (
				2632C7351E6D56FB001278CA /* LYQianNiuTests.m in Sources */,
			);
			runOnlyForDeploymentPostprocessing = 0;
		};
		2632C7371E6D56FB001278CA /* Sources */ = {
			isa = PBXSourcesBuildPhase;
			buildActionMask = 2147483647;
			files = (
				2632C7401E6D56FB001278CA /* LYQianNiuUITests.m in Sources */,
			);
			runOnlyForDeploymentPostprocessing = 0;
		};
/* End PBXSourcesBuildPhase section */

/* Begin PBXTargetDependency section */
		2632C7321E6D56FB001278CA /* PBXTargetDependency */ = {
			isa = PBXTargetDependency;
			target = 2632C7161E6D56FB001278CA /* LYQianNiu */;
			targetProxy = 2632C7311E6D56FB001278CA /* PBXContainerItemProxy */;
		};
		2632C73D1E6D56FB001278CA /* PBXTargetDependency */ = {
			isa = PBXTargetDependency;
			target = 2632C7161E6D56FB001278CA /* LYQianNiu */;
			targetProxy = 2632C73C1E6D56FB001278CA /* PBXContainerItemProxy */;
		};
/* End PBXTargetDependency section */

/* Begin XCBuildConfiguration section */
		2632C7421E6D56FB001278CA /* Debug */ = {
			isa = XCBuildConfiguration;
			buildSettings = {
				ALWAYS_SEARCH_USER_PATHS = NO;
				CLANG_ANALYZER_NONNULL = YES;
				CLANG_CXX_LANGUAGE_STANDARD = "gnu++0x";
				CLANG_CXX_LIBRARY = "libc++";
				CLANG_ENABLE_MODULES = YES;
				CLANG_ENABLE_OBJC_ARC = YES;
				CLANG_WARN_BOOL_CONVERSION = YES;
				CLANG_WARN_CONSTANT_CONVERSION = YES;
				CLANG_WARN_DIRECT_OBJC_ISA_USAGE = YES_ERROR;
				CLANG_WARN_DOCUMENTATION_COMMENTS = YES;
				CLANG_WARN_EMPTY_BODY = YES;
				CLANG_WARN_ENUM_CONVERSION = YES;
				CLANG_WARN_INFINITE_RECURSION = YES;
				CLANG_WARN_INT_CONVERSION = YES;
				CLANG_WARN_OBJC_ROOT_CLASS = YES_ERROR;
				CLANG_WARN_SUSPICIOUS_MOVE = YES;
				CLANG_WARN_UNREACHABLE_CODE = YES;
				CLANG_WARN__DUPLICATE_METHOD_MATCH = YES;
				CODE_SIGN_IDENTITY = "-";
				COPY_PHASE_STRIP = NO;
				DEBUG_INFORMATION_FORMAT = dwarf;
				ENABLE_STRICT_OBJC_MSGSEND = YES;
				ENABLE_TESTABILITY = YES;
				GCC_C_LANGUAGE_STANDARD = gnu99;
				GCC_DYNAMIC_NO_PIC = NO;
				GCC_NO_COMMON_BLOCKS = YES;
				GCC_OPTIMIZATION_LEVEL = 0;
				GCC_PREPROCESSOR_DEFINITIONS = (
					"DEBUG=1",
					"$(inherited)",
				);
				GCC_WARN_64_TO_32_BIT_CONVERSION = YES;
				GCC_WARN_ABOUT_RETURN_TYPE = YES_ERROR;
				GCC_WARN_UNDECLARED_SELECTOR = YES;
				GCC_WARN_UNINITIALIZED_AUTOS = YES_AGGRESSIVE;
				GCC_WARN_UNUSED_FUNCTION = YES;
				GCC_WARN_UNUSED_VARIABLE = YES;
				MACOSX_DEPLOYMENT_TARGET = 10.12;
				MTL_ENABLE_DEBUG_INFO = YES;
				ONLY_ACTIVE_ARCH = YES;
				SDKROOT = macosx;
			};
			name = Debug;
		};
		2632C7431E6D56FB001278CA /* Release */ = {
			isa = XCBuildConfiguration;
			buildSettings = {
				ALWAYS_SEARCH_USER_PATHS = NO;
				CLANG_ANALYZER_NONNULL = YES;
				CLANG_CXX_LANGUAGE_STANDARD = "gnu++0x";
				CLANG_CXX_LIBRARY = "libc++";
				CLANG_ENABLE_MODULES = YES;
				CLANG_ENABLE_OBJC_ARC = YES;
				CLANG_WARN_BOOL_CONVERSION = YES;
				CLANG_WARN_CONSTANT_CONVERSION = YES;
				CLANG_WARN_DIRECT_OBJC_ISA_USAGE = YES_ERROR;
				CLANG_WARN_DOCUMENTATION_COMMENTS = YES;
				CLANG_WARN_EMPTY_BODY = YES;
				CLANG_WARN_ENUM_CONVERSION = YES;
				CLANG_WARN_INFINITE_RECURSION = YES;
				CLANG_WARN_INT_CONVERSION = YES;
				CLANG_WARN_OBJC_ROOT_CLASS = YES_ERROR;
				CLANG_WARN_SUSPICIOUS_MOVE = YES;
				CLANG_WARN_UNREACHABLE_CODE = YES;
				CLANG_WARN__DUPLICATE_METHOD_MATCH = YES;
				CODE_SIGN_IDENTITY = "-";
				COPY_PHASE_STRIP = NO;
				DEBUG_INFORMATION_FORMAT = "dwarf-with-dsym";
				ENABLE_NS_ASSERTIONS = NO;
				ENABLE_STRICT_OBJC_MSGSEND = YES;
				GCC_C_LANGUAGE_STANDARD = gnu99;
				GCC_NO_COMMON_BLOCKS = YES;
				GCC_WARN_64_TO_32_BIT_CONVERSION = YES;
				GCC_WARN_ABOUT_RETURN_TYPE = YES_ERROR;
				GCC_WARN_UNDECLARED_SELECTOR = YES;
				GCC_WARN_UNINITIALIZED_AUTOS = YES_AGGRESSIVE;
				GCC_WARN_UNUSED_FUNCTION = YES;
				GCC_WARN_UNUSED_VARIABLE = YES;
				MACOSX_DEPLOYMENT_TARGET = 10.12;
				MTL_ENABLE_DEBUG_INFO = NO;
				SDKROOT = macosx;
			};
			name = Release;
		};
		2632C7451E6D56FB001278CA /* Debug */ = {
			isa = XCBuildConfiguration;
			buildSettings = {
				ASSETCATALOG_COMPILER_APPICON_NAME = AppIcon;
				COMBINE_HIDPI_IMAGES = YES;
				DEVELOPMENT_TEAM = H2H4C4T387;
				INFOPLIST_FILE = LYQianNiu/Info.plist;
				LD_RUNPATH_SEARCH_PATHS = "$(inherited) @executable_path/../Frameworks";
				PRODUCT_BUNDLE_IDENTIFIER = Leon.LYQianNiu;
				PRODUCT_NAME = "$(TARGET_NAME)";
			};
			name = Debug;
		};
		2632C7461E6D56FB001278CA /* Release */ = {
			isa = XCBuildConfiguration;
			buildSettings = {
				ASSETCATALOG_COMPILER_APPICON_NAME = AppIcon;
				COMBINE_HIDPI_IMAGES = YES;
				DEVELOPMENT_TEAM = H2H4C4T387;
				INFOPLIST_FILE = LYQianNiu/Info.plist;
				LD_RUNPATH_SEARCH_PATHS = "$(inherited) @executable_path/../Frameworks";
				PRODUCT_BUNDLE_IDENTIFIER = Leon.LYQianNiu;
				PRODUCT_NAME = "$(TARGET_NAME)";
			};
			name = Release;
		};
		2632C7481E6D56FB001278CA /* Debug */ = {
			isa = XCBuildConfiguration;
			buildSettings = {
				BUNDLE_LOADER = "$(TEST_HOST)";
				COMBINE_HIDPI_IMAGES = YES;
				DEVELOPMENT_TEAM = H2H4C4T387;
				INFOPLIST_FILE = LYQianNiuTests/Info.plist;
				LD_RUNPATH_SEARCH_PATHS = "$(inherited) @executable_path/../Frameworks @loader_path/../Frameworks";
				PRODUCT_BUNDLE_IDENTIFIER = Leon.LYQianNiuTests;
				PRODUCT_NAME = "$(TARGET_NAME)";
				TEST_HOST = "$(BUILT_PRODUCTS_DIR)/LYQianNiu.app/Contents/MacOS/LYQianNiu";
			};
			name = Debug;
		};
		2632C7491E6D56FB001278CA /* Release */ = {
			isa = XCBuildConfiguration;
			buildSettings = {
				BUNDLE_LOADER = "$(TEST_HOST)";
				COMBINE_HIDPI_IMAGES = YES;
				DEVELOPMENT_TEAM = H2H4C4T387;
				INFOPLIST_FILE = LYQianNiuTests/Info.plist;
				LD_RUNPATH_SEARCH_PATHS = "$(inherited) @executable_path/../Frameworks @loader_path/../Frameworks";
				PRODUCT_BUNDLE_IDENTIFIER = Leon.LYQianNiuTests;
				PRODUCT_NAME = "$(TARGET_NAME)";
				TEST_HOST = "$(BUILT_PRODUCTS_DIR)/LYQianNiu.app/Contents/MacOS/LYQianNiu";
			};
			name = Release;
		};
		2632C74B1E6D56FB001278CA /* Debug */ = {
			isa = XCBuildConfiguration;
			buildSettings = {
				COMBINE_HIDPI_IMAGES = YES;
				DEVELOPMENT_TEAM = H2H4C4T387;
				INFOPLIST_FILE = LYQianNiuUITests/Info.plist;
				LD_RUNPATH_SEARCH_PATHS = "$(inherited) @executable_path/../Frameworks @loader_path/../Frameworks";
				PRODUCT_BUNDLE_IDENTIFIER = Leon.LYQianNiuUITests;
				PRODUCT_NAME = "$(TARGET_NAME)";
				TEST_TARGET_NAME = LYQianNiu;
			};
			name = Debug;
		};
		2632C74C1E6D56FB001278CA /* Release */ = {
			isa = XCBuildConfiguration;
			buildSettings = {
				COMBINE_HIDPI_IMAGES = YES;
				DEVELOPMENT_TEAM = H2H4C4T387;
				INFOPLIST_FILE = LYQianNiuUITests/Info.plist;
				LD_RUNPATH_SEARCH_PATHS = "$(inherited) @executable_path/../Frameworks @loader_path/../Frameworks";
				PRODUCT_BUNDLE_IDENTIFIER = Leon.LYQianNiuUITests;
				PRODUCT_NAME = "$(TARGET_NAME)";
				TEST_TARGET_NAME = LYQianNiu;
			};
			name = Release;
		};
/* End XCBuildConfiguration section */

/* Begin XCConfigurationList section */
		2632C7121E6D56FB001278CA /* Build configuration list for PBXProject "LYQianNiu" */ = {
			isa = XCConfigurationList;
			buildConfigurations = (
				2632C7421E6D56FB001278CA /* Debug */,
				2632C7431E6D56FB001278CA /* Release */,
			);
			defaultConfigurationIsVisible = 0;
			defaultConfigurationName = Release;
		};
		2632C7441E6D56FB001278CA /* Build configuration list for PBXNativeTarget "LYQianNiu" */ = {
			isa = XCConfigurationList;
			buildConfigurations = (
				2632C7451E6D56FB001278CA /* Debug */,
				2632C7461E6D56FB001278CA /* Release */,
			);
			defaultConfigurationIsVisible = 0;
			defaultConfigurationName = Release;
		};
		2632C7471E6D56FB001278CA /* Build configuration list for PBXNativeTarget "LYQianNiuTests" */ = {
			isa = XCConfigurationList;
			buildConfigurations = (
				2632C7481E6D56FB001278CA /* Debug */,
				2632C7491E6D56FB001278CA /* Release */,
			);
			defaultConfigurationIsVisible = 0;
			defaultConfigurationName = Release;
		};
		2632C74A1E6D56FB001278CA /* Build configuration list for PBXNativeTarget "LYQianNiuUITests" */ = {
			isa = XCConfigurationList;
			buildConfigurations = (
				2632C74B1E6D56FB001278CA /* Debug */,
				2632C74C1E6D56FB001278CA /* Release */,
			);
			defaultConfigurationIsVisible = 0;
			defaultConfigurationName = Release;
		};
/* End XCConfigurationList section */

/* Begin XCVersionGroup section */
		2632C7231E6D56FB001278CA /* LYQianNiu.xcdatamodeld */ = {
			isa = XCVersionGroup;
			children = (
				2632C7241E6D56FB001278CA /* LYQianNiu.xcdatamodel */,
			);
			currentVersion = 2632C7241E6D56FB001278CA /* LYQianNiu.xcdatamodel */;
			path = LYQianNiu.xcdatamodeld;
			sourceTree = "<group>";
			versionGroupType = wrapper.xcdatamodel;
		};
/* End XCVersionGroup section */
	};
	rootObject = 2632C70F1E6D56FB001278CA /* Project object */;
}
